// !$*UTF8*$!
{
	archiveVersion = 1;
	classes = {
	};
	objectVersion = 50;
	objects = {

/* Begin PBXBuildFile section */
		61267E622366ED7E00A46775 /* AppDelegate.swift in Sources */ = {isa = PBXBuildFile; fileRef = 61267E612366ED7E00A46775 /* AppDelegate.swift */; };
		61267E642366ED7E00A46775 /* SceneDelegate.swift in Sources */ = {isa = PBXBuildFile; fileRef = 61267E632366ED7E00A46775 /* SceneDelegate.swift */; };
		61267E662366ED7E00A46775 /* ViewController.swift in Sources */ = {isa = PBXBuildFile; fileRef = 61267E652366ED7E00A46775 /* ViewController.swift */; };
		61267E692366ED7E00A46775 /* Main.storyboard in Resources */ = {isa = PBXBuildFile; fileRef = 61267E672366ED7E00A46775 /* Main.storyboard */; };
		61267E6B2366ED8000A46775 /* Assets.xcassets in Resources */ = {isa = PBXBuildFile; fileRef = 61267E6A2366ED8000A46775 /* Assets.xcassets */; };
		61267E6E2366ED8000A46775 /* LaunchScreen.storyboard in Resources */ = {isa = PBXBuildFile; fileRef = 61267E6C2366ED8000A46775 /* LaunchScreen.storyboard */; };
		61267E762366EDA000A46775 /* AudioPlayerView.swift in Sources */ = {isa = PBXBuildFile; fileRef = 61267E752366EDA000A46775 /* AudioPlayerView.swift */; };
/* End PBXBuildFile section */

/* Begin PBXFileReference section */
		61267E5E2366ED7E00A46775 /* DelegateTest.app */ = {isa = PBXFileReference; explicitFileType = wrapper.application; includeInIndex = 0; path = DelegateTest.app; sourceTree = BUILT_PRODUCTS_DIR; };
		61267E612366ED7E00A46775 /* AppDelegate.swift */ = {isa = PBXFileReference; lastKnownFileType = sourcecode.swift; path = AppDelegate.swift; sourceTree = "<group>"; };
		61267E632366ED7E00A46775 /* SceneDelegate.swift */ = {isa = PBXFileReference; lastKnownFileType = sourcecode.swift; path = SceneDelegate.swift; sourceTree = "<group>"; };
		61267E652366ED7E00A46775 /* ViewController.swift */ = {isa = PBXFileReference; lastKnownFileType = sourcecode.swift; path = ViewController.swift; sourceTree = "<group>"; };
		61267E682366ED7E00A46775 /* Base */ = {isa = PBXFileReference; lastKnownFileType = file.storyboard; name = Base; path = Base.lproj/Main.storyboard; sourceTree = "<group>"; };
		61267E6A2366ED8000A46775 /* Assets.xcassets */ = {isa = PBXFileReference; lastKnownFileType = folder.assetcatalog; path = Assets.xcassets; sourceTree = "<group>"; };
		61267E6D2366ED8000A46775 /* Base */ = {isa = PBXFileReference; lastKnownFileType = file.storyboard; name = Base; path = Base.lproj/LaunchScreen.storyboard; sourceTree = "<group>"; };
		61267E6F2366ED8000A46775 /* Info.plist */ = {isa = PBXFileReference; lastKnownFileType = text.plist.xml; path = Info.plist; sourceTree = "<group>"; };
		61267E752366EDA000A46775 /* AudioPlayerView.swift */ = {isa = PBXFileReference; lastKnownFileType = sourcecode.swift; path = AudioPlayerView.swift; sourceTree = "<group>"; };
/* End PBXFileReference section */

/* Begin PBXFrameworksBuildPhase section */
		61267E5B2366ED7E00A46775 /* Frameworks */ = {
			isa = PBXFrameworksBuildPhase;
			buildActionMask = 2147483647;
			files = (
			);
			runOnlyForDeploymentPostprocessing = 0;
		};
/* End PBXFrameworksBuildPhase section */

/* Begin PBXGroup section */
		61267E552366ED7E00A46775 = {
			isa = PBXGroup;
			children = (
				61267E602366ED7E00A46775 /* DelegateTest */,
				61267E5F2366ED7E00A46775 /* Products */,
			);
			sourceTree = "<group>";
		};
		61267E5F2366ED7E00A46775 /* Products */ = {
			isa = PBXGroup;
			children = (
				61267E5E2366ED7E00A46775 /* DelegateTest.app */,
			);
			name = Products;
			sourceTree = "<group>";
		};
		61267E602366ED7E00A46775 /* DelegateTest */ = {
			isa = PBXGroup;
			children = (
				61267E612366ED7E00A46775 /* AppDelegate.swift */,
				61267E632366ED7E00A46775 /* SceneDelegate.swift */,
				61267E652366ED7E00A46775 /* ViewController.swift */,
				61267E752366EDA000A46775 /* AudioPlayerView.swift */,
				61267E672366ED7E00A46775 /* Main.storyboard */,
				61267E6A2366ED8000A46775 /* Assets.xcassets */,
				61267E6C2366ED8000A46775 /* LaunchScreen.storyboard */,
				61267E6F2366ED8000A46775 /* Info.plist */,
			);
			path = DelegateTest;
			sourceTree = "<group>";
		};
/* End PBXGroup section */

/* Begin PBXNativeTarget section */
		61267E5D2366ED7E00A46775 /* DelegateTest */ = {
			isa = PBXNativeTarget;
			buildConfigurationList = 61267E722366ED8000A46775 /* Build configuration list for PBXNativeTarget "DelegateTest" */;
			buildPhases = (
				61267E5A2366ED7E00A46775 /* Sources */,
				61267E5B2366ED7E00A46775 /* Frameworks */,
				61267E5C2366ED7E00A46775 /* Resources */,
			);
			buildRules = (
			);
			dependencies = (
			);
			name = DelegateTest;
			productName = DelegateTest;
			productReference = 61267E5E2366ED7E00A46775 /* DelegateTest.app */;
			productType = "com.apple.product-type.application";
		};
/* End PBXNativeTarget section */

/* Begin PBXProject section */
		61267E562366ED7E00A46775 /* Project object */ = {
			isa = PBXProject;
			attributes = {
				LastSwiftUpdateCheck = 1100;
				LastUpgradeCheck = 1100;
				ORGANIZATIONNAME = MIPT;
				TargetAttributes = {
					61267E5D2366ED7E00A46775 = {
						CreatedOnToolsVersion = 11.0;
					};
				};
			};
			buildConfigurationList = 61267E592366ED7E00A46775 /* Build configuration list for PBXProject "DelegateTest" */;
			compatibilityVersion = "Xcode 9.3";
			developmentRegion = en;
			hasScannedForEncodings = 0;
			knownRegions = (
				en,
				Base,
			);
			mainGroup = 61267E552366ED7E00A46775;
			productRefGroup = 61267E5F2366ED7E00A46775 /* Products */;
			projectDirPath = "";
			projectRoot = "";
			targets = (
				61267E5D2366ED7E00A46775 /* DelegateTest */,
			);
		};
/* End PBXProject section */

/* Begin PBXResourcesBuildPhase section */
		61267E5C2366ED7E00A46775 /* Resources */ = {
			isa = PBXResourcesBuildPhase;
			buildActionMask = 2147483647;
			files = (
				61267E6E2366ED8000A46775 /* LaunchScreen.storyboard in Resources */,
				61267E6B2366ED8000A46775 /* Assets.xcassets in Resources */,
				61267E692366ED7E00A46775 /* Main.storyboard in Resources */,
			);
			runOnlyForDeploymentPostprocessing = 0;
		};
/* End PBXResourcesBuildPhase section */

/* Begin PBXSourcesBuildPhase section */
		61267E5A2366ED7E00A46775 /* Sources */ = {
			isa = PBXSourcesBuildPhase;
			buildActionMask = 2147483647;
			files = (
				61267E662366ED7E00A46775 /* ViewController.swift in Sources */,
				61267E622366ED7E00A46775 /* AppDelegate.swift in Sources */,
				61267E762366EDA000A46775 /* AudioPlayerView.swift in Sources */,
				61267E642366ED7E00A46775 /* SceneDelegate.swift in Sources */,
			);
			runOnlyForDeploymentPostprocessing = 0;
		};
/* End PBXSourcesBuildPhase section */

/* Begin PBXVariantGroup section */
		61267E672366ED7E00A46775 /* Main.storyboard */ = {
			isa = PBXVariantGroup;
			children = (
				61267E682366ED7E00A46775 /* Base */,
			);
			name = Main.storyboard;
			sourceTree = "<group>";
		};
		61267E6C2366ED8000A46775 /* LaunchScreen.storyboard */ = {
			isa = PBXVariantGroup;
			children = (
				61267E6D2366ED8000A46775 /* Base */,
			);
			name = LaunchScreen.storyboard;
			sourceTree = "<group>";
		};
/* End PBXVariantGroup section */

/* Begin XCBuildConfiguration section */
		61267E702366ED8000A46775 /* Debug */ = {
			isa = XCBuildConfiguration;
			buildSettings = {
				ALWAYS_SEARCH_USER_PATHS = NO;
				CLANG_ANALYZER_NONNULL = YES;
				CLANG_ANALYZER_NUMBER_OBJECT_CONVERSION = YES_AGGRESSIVE;
				CLANG_CXX_LANGUAGE_STANDARD = "gnu++14";
				CLANG_CXX_LIBRARY = "libc++";
				CLANG_ENABLE_MODULES = YES;
				CLANG_ENABLE_OBJC_ARC = YES;
				CLANG_ENABLE_OBJC_WEAK = YES;
				CLANG_WARN_BLOCK_CAPTURE_AUTORELEASING = YES;
				CLANG_WARN_BOOL_CONVERSION = YES;
				CLANG_WARN_COMMA = YES;
				CLANG_WARN_CONSTANT_CONVERSION = YES;
				CLANG_WARN_DEPRECATED_OBJC_IMPLEMENTATIONS = YES;
				CLANG_WARN_DIRECT_OBJC_ISA_USAGE = YES_ERROR;
				CLANG_WARN_DOCUMENTATION_COMMENTS = YES;
				CLANG_WARN_EMPTY_BODY = YES;
				CLANG_WARN_ENUM_CONVERSION = YES;
				CLANG_WARN_INFINITE_RECURSION = YES;
				CLANG_WARN_INT_CONVERSION = YES;
				CLANG_WARN_NON_LITERAL_NULL_CONVERSION = YES;
				CLANG_WARN_OBJC_IMPLICIT_RETAIN_SELF = YES;
				CLANG_WARN_OBJC_LITERAL_CONVERSION = YES;
				CLANG_WARN_OBJC_ROOT_CLASS = YES_ERROR;
				CLANG_WARN_RANGE_LOOP_ANALYSIS = YES;
				CLANG_WARN_STRICT_PROTOTYPES = YES;
				CLANG_WARN_SUSPICIOUS_MOVE = YES;
				CLANG_WARN_UNGUARDED_AVAILABILITY = YES_AGGRESSIVE;
				CLANG_WARN_UNREACHABLE_CODE = YES;
				CLANG_WARN__DUPLICATE_METHOD_MATCH = YES;
				COPY_PHASE_STRIP = NO;
				DEBUG_INFORMATION_FORMAT = dwarf;
				ENABLE_STRICT_OBJC_MSGSEND = YES;
				ENABLE_TESTABILITY = YES;
				GCC_C_LANGUAGE_STANDARD = gnu11;
				GCC_DYNAMIC_NO_PIC = NO;
				GCC_NO_COMMON_BLOCKS = YES;
				GCC_OPTIMIZATION_LEVEL = 0;
				GCC_PREPROCESSOR_DEFINITIONS = (
					"DEBUG=1",
					"$(inherited)",
				);
				GCC_WARN_64_TO_32_BIT_CONVERSION = YES;
				GCC_WARN_ABOUT_RETURN_TYPE = YES_ERROR;
				GCC_WARN_UNDECLARED_SELECTOR = YES;
				GCC_WARN_UNINITIALIZED_AUTOS = YES_AGGRESSIVE;
				GCC_WARN_UNUSED_FUNCTION = YES;
				GCC_WARN_UNUSED_VARIABLE = YES;
				IPHONEOS_DEPLOYMENT_TARGET = 13.0;
				MTL_ENABLE_DEBUG_INFO = INCLUDE_SOURCE;
				MTL_FAST_MATH = YES;
				ONLY_ACTIVE_ARCH = YES;
				SDKROOT = iphoneos;
				SWIFT_ACTIVE_COMPILATION_CONDITIONS = DEBUG;
				SWIFT_OPTIMIZATION_LEVEL = "-Onone";
			};
			name = Debug;
		};
		61267E712366ED8000A46775 /* Release */ = {
			isa = XCBuildConfiguration;
			buildSettings = {
				ALWAYS_SEARCH_USER_PATHS = NO;
				CLANG_ANALYZER_NONNULL = YES;
				CLANG_ANALYZER_NUMBER_OBJECT_CONVERSION = YES_AGGRESSIVE;
				CLANG_CXX_LANGUAGE_STANDARD = "gnu++14";
				CLANG_CXX_LIBRARY = "libc++";
				CLANG_ENABLE_MODULES = YES;
				CLANG_ENABLE_OBJC_ARC = YES;
				CLANG_ENABLE_OBJC_WEAK = YES;
				CLANG_WARN_BLOCK_CAPTURE_AUTORELEASING = YES;
				CLANG_WARN_BOOL_CONVERSION = YES;
				CLANG_WARN_COMMA = YES;
				CLANG_WARN_CONSTANT_CONVERSION = YES;
				CLANG_WARN_DEPRECATED_OBJC_IMPLEMENTATIONS = YES;
				CLANG_WARN_DIRECT_OBJC_ISA_USAGE = YES_ERROR;
				CLANG_WARN_DOCUMENTATION_COMMENTS = YES;
				CLANG_WARN_EMPTY_BODY = YES;
				CLANG_WARN_ENUM_CONVERSION = YES;
				CLANG_WARN_INFINITE_RECURSION = YES;
				CLANG_WARN_INT_CONVERSION = YES;
				CLANG_WARN_NON_LITERAL_NULL_CONVERSION = YES;
				CLANG_WARN_OBJC_IMPLICIT_RETAIN_SELF = YES;
				CLANG_WARN_OBJC_LITERAL_CONVERSION = YES;
				CLANG_WARN_OBJC_ROOT_CLASS = YES_ERROR;
				CLANG_WARN_RANGE_LOOP_ANALYSIS = YES;
				CLANG_WARN_STRICT_PROTOTYPES = YES;
				CLANG_WARN_SUSPICIOUS_MOVE = YES;
				CLANG_WARN_UNGUARDED_AVAILABILITY = YES_AGGRESSIVE;
				CLANG_WARN_UNREACHABLE_CODE = YES;
				CLANG_WARN__DUPLICATE_METHOD_MATCH = YES;
				COPY_PHASE_STRIP = NO;
				DEBUG_INFORMATION_FORMAT = "dwarf-with-dsym";
				ENABLE_NS_ASSERTIONS = NO;
				ENABLE_STRICT_OBJC_MSGSEND = YES;
				GCC_C_LANGUAGE_STANDARD = gnu11;
				GCC_NO_COMMON_BLOCKS = YES;
				GCC_WARN_64_TO_32_BIT_CONVERSION = YES;
				GCC_WARN_ABOUT_RETURN_TYPE = YES_ERROR;
				GCC_WARN_UNDECLARED_SELECTOR = YES;
				GCC_WARN_UNINITIALIZED_AUTOS = YES_AGGRESSIVE;
				GCC_WARN_UNUSED_FUNCTION = YES;
				GCC_WARN_UNUSED_VARIABLE = YES;
				IPHONEOS_DEPLOYMENT_TARGET = 13.0;
				MTL_ENABLE_DEBUG_INFO = NO;
				MTL_FAST_MATH = YES;
				SDKROOT = iphoneos;
				SWIFT_COMPILATION_MODE = wholemodule;
				SWIFT_OPTIMIZATION_LEVEL = "-O";
				VALIDATE_PRODUCT = YES;
			};
			name = Release;
		};
		61267E732366ED8000A46775 /* Debug */ = {
			isa = XCBuildConfiguration;
			buildSettings = {
				ASSETCATALOG_COMPILER_APPICON_NAME = AppIcon;
				CODE_SIGN_STYLE = Automatic;
				INFOPLIST_FILE = DelegateTest/Info.plist;
				LD_RUNPATH_SEARCH_PATHS = (
					"$(inherited)",
					"@executable_path/Frameworks",
				);
				PRODUCT_BUNDLE_IDENTIFIER = MIPT.DelegateTest;
				PRODUCT_NAME = "$(TARGET_NAME)";
				SWIFT_VERSION = 5.0;
				TARGETED_DEVICE_FAMILY = "1,2";
			};
			name = Debug;
		};
		61267E742366ED8000A46775 /* Release */ = {
			isa = XCBuildConfiguration;
			buildSettings = {
				ASSETCATALOG_COMPILER_APPICON_NAME = AppIcon;
				CODE_SIGN_STYLE = Automatic;
				INFOPLIST_FILE = DelegateTest/Info.plist;
				LD_RUNPATH_SEARCH_PATHS = (
					"$(inherited)",
					"@executable_path/Frameworks",
				);
				PRODUCT_BUNDLE_IDENTIFIER = MIPT.DelegateTest;
				PRODUCT_NAME = "$(TARGET_NAME)";
				SWIFT_VERSION = 5.0;
				TARGETED_DEVICE_FAMILY = "1,2";
			};
			name = Release;
		};
/* End XCBuildConfiguration section */

/* Begin XCConfigurationList section */
		61267E592366ED7E00A46775 /* Build configuration list for PBXProject "DelegateTest" */ = {
			isa = XCConfigurationList;
			buildConfigurations = (
				61267E702366ED8000A46775 /* Debug */,
				61267E712366ED8000A46775 /* Release */,
			);
			defaultConfigurationIsVisible = 0;
			defaultConfigurationName = Release;
		};
		61267E722366ED8000A46775 /* Build configuration list for PBXNativeTarget "DelegateTest" */ = {
			isa = XCConfigurationList;
			buildConfigurations = (
				61267E732366ED8000A46775 /* Debug */,
				61267E742366ED8000A46775 /* Release */,
			);
			defaultConfigurationIsVisible = 0;
			defaultConfigurationName = Release;
		};
/* End XCConfigurationList section */
	};
	rootObject = 61267E562366ED7E00A46775 /* Project object */;
}
