// !$*UTF8*$!
{
	archiveVersion = 1;
	classes = {
	};
	objectVersion = 51;
	objects = {

/* Begin PBXBuildFile section */
		183CF33826090297003892A4 /* AppDelegate.swift in Sources */ = {isa = PBXBuildFile; fileRef = 183CF33726090297003892A4 /* AppDelegate.swift */; };
		183CF33C26090297003892A4 /* CitiesViewController.swift in Sources */ = {isa = PBXBuildFile; fileRef = 183CF33B26090297003892A4 /* CitiesViewController.swift */; };
		183CF34126090299003892A4 /* Assets.xcassets in Resources */ = {isa = PBXBuildFile; fileRef = 183CF34026090299003892A4 /* Assets.xcassets */; };
		183CF34426090299003892A4 /* LaunchScreen.storyboard in Resources */ = {isa = PBXBuildFile; fileRef = 183CF34226090299003892A4 /* LaunchScreen.storyboard */; };
		183CF35126090490003892A4 /* CityTableViewCell.swift in Sources */ = {isa = PBXBuildFile; fileRef = 183CF35026090490003892A4 /* CityTableViewCell.swift */; };
		18DD550F2624AA4E00813B2B /* CitiesManager.swift in Sources */ = {isa = PBXBuildFile; fileRef = 18DD550E2624AA4E00813B2B /* CitiesManager.swift */; };
		73FC4D4D7F2F0C1914988046 /* Pods_WeatherApp.framework in Frameworks */ = {isa = PBXBuildFile; fileRef = 8D147E589C58CA2C516FBB78 /* Pods_WeatherApp.framework */; };
		C8F96D72261B6D4C00828DE2 /* CitiesModelHelper.swift in Sources */ = {isa = PBXBuildFile; fileRef = C8F96D71261B6D4C00828DE2 /* CitiesModelHelper.swift */; };
		C8F96D75261B6FBC00828DE2 /* CityServiceModel.swift in Sources */ = {isa = PBXBuildFile; fileRef = C8F96D74261B6FBC00828DE2 /* CityServiceModel.swift */; };
		C8F96D7B261B7F0F00828DE2 /* CitiesPresenter.swift in Sources */ = {isa = PBXBuildFile; fileRef = C8F96D7A261B7F0F00828DE2 /* CitiesPresenter.swift */; };
		C8F96D7E261B7F8300828DE2 /* CitiesProtocols.swift in Sources */ = {isa = PBXBuildFile; fileRef = C8F96D7D261B7F8300828DE2 /* CitiesProtocols.swift */; };
		C8F96D83261B806500828DE2 /* CitiesInteractor.swift in Sources */ = {isa = PBXBuildFile; fileRef = C8F96D82261B806500828DE2 /* CitiesInteractor.swift */; };
		C8F96D87261B84A600828DE2 /* CitiesModuleContainer.swift in Sources */ = {isa = PBXBuildFile; fileRef = C8F96D86261B84A600828DE2 /* CitiesModuleContainer.swift */; };
		C8F96D8C261B88FA00828DE2 /* CitiesRouter.swift in Sources */ = {isa = PBXBuildFile; fileRef = C8F96D8B261B88FA00828DE2 /* CitiesRouter.swift */; };
		C8F96E20261C4F2A00828DE2 /* CityViewModel.swift in Sources */ = {isa = PBXBuildFile; fileRef = C8F96E1F261C4F2A00828DE2 /* CityViewModel.swift */; };
/* End PBXBuildFile section */

/* Begin PBXFileReference section */
		183CF33426090297003892A4 /* WeatherApp.app */ = {isa = PBXFileReference; explicitFileType = wrapper.application; includeInIndex = 0; path = WeatherApp.app; sourceTree = BUILT_PRODUCTS_DIR; };
		183CF33726090297003892A4 /* AppDelegate.swift */ = {isa = PBXFileReference; lastKnownFileType = sourcecode.swift; path = AppDelegate.swift; sourceTree = "<group>"; };
		183CF33B26090297003892A4 /* CitiesViewController.swift */ = {isa = PBXFileReference; lastKnownFileType = sourcecode.swift; path = CitiesViewController.swift; sourceTree = "<group>"; };
		183CF34026090299003892A4 /* Assets.xcassets */ = {isa = PBXFileReference; lastKnownFileType = folder.assetcatalog; path = Assets.xcassets; sourceTree = "<group>"; };
		183CF34326090299003892A4 /* Base */ = {isa = PBXFileReference; lastKnownFileType = file.storyboard; name = Base; path = Base.lproj/LaunchScreen.storyboard; sourceTree = "<group>"; };
		183CF34526090299003892A4 /* Info.plist */ = {isa = PBXFileReference; lastKnownFileType = text.plist.xml; path = Info.plist; sourceTree = "<group>"; };
		183CF35026090490003892A4 /* CityTableViewCell.swift */ = {isa = PBXFileReference; lastKnownFileType = sourcecode.swift; path = CityTableViewCell.swift; sourceTree = "<group>"; };
		18DD550E2624AA4E00813B2B /* CitiesManager.swift */ = {isa = PBXFileReference; lastKnownFileType = sourcecode.swift; path = CitiesManager.swift; sourceTree = "<group>"; };
		6B22EF4183E9295526BE21F4 /* Pods-WeatherApp.release.xcconfig */ = {isa = PBXFileReference; includeInIndex = 1; lastKnownFileType = text.xcconfig; name = "Pods-WeatherApp.release.xcconfig"; path = "Target Support Files/Pods-WeatherApp/Pods-WeatherApp.release.xcconfig"; sourceTree = "<group>"; };
		8D147E589C58CA2C516FBB78 /* Pods_WeatherApp.framework */ = {isa = PBXFileReference; explicitFileType = wrapper.framework; includeInIndex = 0; path = Pods_WeatherApp.framework; sourceTree = BUILT_PRODUCTS_DIR; };
		C8F96D71261B6D4C00828DE2 /* CitiesModelHelper.swift */ = {isa = PBXFileReference; lastKnownFileType = sourcecode.swift; path = CitiesModelHelper.swift; sourceTree = "<group>"; };
		C8F96D74261B6FBC00828DE2 /* CityServiceModel.swift */ = {isa = PBXFileReference; lastKnownFileType = sourcecode.swift; path = CityServiceModel.swift; sourceTree = "<group>"; };
		C8F96D7A261B7F0F00828DE2 /* CitiesPresenter.swift */ = {isa = PBXFileReference; lastKnownFileType = sourcecode.swift; path = CitiesPresenter.swift; sourceTree = "<group>"; };
		C8F96D7D261B7F8300828DE2 /* CitiesProtocols.swift */ = {isa = PBXFileReference; lastKnownFileType = sourcecode.swift; path = CitiesProtocols.swift; sourceTree = "<group>"; };
		C8F96D82261B806500828DE2 /* CitiesInteractor.swift */ = {isa = PBXFileReference; lastKnownFileType = sourcecode.swift; path = CitiesInteractor.swift; sourceTree = "<group>"; };
		C8F96D86261B84A600828DE2 /* CitiesModuleContainer.swift */ = {isa = PBXFileReference; lastKnownFileType = sourcecode.swift; path = CitiesModuleContainer.swift; sourceTree = "<group>"; };
		C8F96D8B261B88FA00828DE2 /* CitiesRouter.swift */ = {isa = PBXFileReference; lastKnownFileType = sourcecode.swift; path = CitiesRouter.swift; sourceTree = "<group>"; };
		C8F96E1F261C4F2A00828DE2 /* CityViewModel.swift */ = {isa = PBXFileReference; lastKnownFileType = sourcecode.swift; path = CityViewModel.swift; sourceTree = "<group>"; };
		FAC87C84443092BD5A50FE8F /* Pods-WeatherApp.debug.xcconfig */ = {isa = PBXFileReference; includeInIndex = 1; lastKnownFileType = text.xcconfig; name = "Pods-WeatherApp.debug.xcconfig"; path = "Target Support Files/Pods-WeatherApp/Pods-WeatherApp.debug.xcconfig"; sourceTree = "<group>"; };
/* End PBXFileReference section */

/* Begin PBXFrameworksBuildPhase section */
		183CF33126090297003892A4 /* Frameworks */ = {
			isa = PBXFrameworksBuildPhase;
			buildActionMask = 2147483647;
			files = (
				73FC4D4D7F2F0C1914988046 /* Pods_WeatherApp.framework in Frameworks */,
			);
			runOnlyForDeploymentPostprocessing = 0;
		};
/* End PBXFrameworksBuildPhase section */

/* Begin PBXGroup section */
		183CF32B26090297003892A4 = {
			isa = PBXGroup;
			children = (
				183CF33626090297003892A4 /* WeatherApp */,
				183CF33526090297003892A4 /* Products */,
				B50C18E0594890A4B520BBD8 /* Pods */,
				EA6AFAA97838224C6419F723 /* Frameworks */,
			);
			sourceTree = "<group>";
		};
		183CF33526090297003892A4 /* Products */ = {
			isa = PBXGroup;
			children = (
				183CF33426090297003892A4 /* WeatherApp.app */,
			);
			name = Products;
			sourceTree = "<group>";
		};
		183CF33626090297003892A4 /* WeatherApp */ = {
			isa = PBXGroup;
			children = (
				C8F96E19261C4EE700828DE2 /* Modules */,
				183CF33726090297003892A4 /* AppDelegate.swift */,
				183CF34026090299003892A4 /* Assets.xcassets */,
				183CF34226090299003892A4 /* LaunchScreen.storyboard */,
				183CF34526090299003892A4 /* Info.plist */,
			);
			path = WeatherApp;
			sourceTree = "<group>";
		};
		B50C18E0594890A4B520BBD8 /* Pods */ = {
			isa = PBXGroup;
			children = (
				FAC87C84443092BD5A50FE8F /* Pods-WeatherApp.debug.xcconfig */,
				6B22EF4183E9295526BE21F4 /* Pods-WeatherApp.release.xcconfig */,
			);
			path = Pods;
			sourceTree = "<group>";
		};
		C8F96D6C261B6C8C00828DE2 /* Cities */ = {
			isa = PBXGroup;
			children = (
				18DD550E2624AA4E00813B2B /* CitiesManager.swift */,
				C8F96E1E261C4F1C00828DE2 /* Models */,
				C8F96E1A261C4EF300828DE2 /* Cells */,
				C8F96D7D261B7F8300828DE2 /* CitiesProtocols.swift */,
				183CF33B26090297003892A4 /* CitiesViewController.swift */,
				C8F96D7A261B7F0F00828DE2 /* CitiesPresenter.swift */,
				C8F96D82261B806500828DE2 /* CitiesInteractor.swift */,
				C8F96D86261B84A600828DE2 /* CitiesModuleContainer.swift */,
				C8F96D8B261B88FA00828DE2 /* CitiesRouter.swift */,
			);
			path = Cities;
			sourceTree = "<group>";
		};
		C8F96E19261C4EE700828DE2 /* Modules */ = {
			isa = PBXGroup;
			children = (
				C8F96D6C261B6C8C00828DE2 /* Cities */,
			);
			path = Modules;
			sourceTree = "<group>";
		};
		C8F96E1A261C4EF300828DE2 /* Cells */ = {
			isa = PBXGroup;
			children = (
				183CF35026090490003892A4 /* CityTableViewCell.swift */,
			);
			path = Cells;
			sourceTree = "<group>";
		};
		C8F96E1E261C4F1C00828DE2 /* Models */ = {
			isa = PBXGroup;
			children = (
				C8F96D74261B6FBC00828DE2 /* CityServiceModel.swift */,
				C8F96E1F261C4F2A00828DE2 /* CityViewModel.swift */,
				C8F96D71261B6D4C00828DE2 /* CitiesModelHelper.swift */,
			);
			path = Models;
			sourceTree = "<group>";
		};
		EA6AFAA97838224C6419F723 /* Frameworks */ = {
			isa = PBXGroup;
			children = (
				8D147E589C58CA2C516FBB78 /* Pods_WeatherApp.framework */,
			);
			name = Frameworks;
			sourceTree = "<group>";
		};
/* End PBXGroup section */

/* Begin PBXNativeTarget section */
		183CF33326090297003892A4 /* WeatherApp */ = {
			isa = PBXNativeTarget;
			buildConfigurationList = 183CF34826090299003892A4 /* Build configuration list for PBXNativeTarget "WeatherApp" */;
			buildPhases = (
				498AF58114763D762C5093B5 /* [CP] Check Pods Manifest.lock */,
				183CF33026090297003892A4 /* Sources */,
				183CF33126090297003892A4 /* Frameworks */,
				183CF33226090297003892A4 /* Resources */,
				DEE4AA0FE548BC4F845732EE /* [CP] Embed Pods Frameworks */,
			);
			buildRules = (
			);
			dependencies = (
			);
			name = WeatherApp;
			productName = WeatherApp;
			productReference = 183CF33426090297003892A4 /* WeatherApp.app */;
			productType = "com.apple.product-type.application";
		};
/* End PBXNativeTarget section */

/* Begin PBXProject section */
		183CF32C26090297003892A4 /* Project object */ = {
			isa = PBXProject;
			attributes = {
				LastSwiftUpdateCheck = 1240;
				LastUpgradeCheck = 1240;
				TargetAttributes = {
					183CF33326090297003892A4 = {
						CreatedOnToolsVersion = 12.4;
					};
				};
			};
			buildConfigurationList = 183CF32F26090297003892A4 /* Build configuration list for PBXProject "WeatherApp" */;
			compatibilityVersion = "Xcode 9.3";
			developmentRegion = en;
			hasScannedForEncodings = 0;
			knownRegions = (
				en,
				Base,
			);
			mainGroup = 183CF32B26090297003892A4;
			productRefGroup = 183CF33526090297003892A4 /* Products */;
			projectDirPath = "";
			projectRoot = "";
			targets = (
				183CF33326090297003892A4 /* WeatherApp */,
			);
		};
/* End PBXProject section */

/* Begin PBXResourcesBuildPhase section */
		183CF33226090297003892A4 /* Resources */ = {
			isa = PBXResourcesBuildPhase;
			buildActionMask = 2147483647;
			files = (
				183CF34426090299003892A4 /* LaunchScreen.storyboard in Resources */,
				183CF34126090299003892A4 /* Assets.xcassets in Resources */,
			);
			runOnlyForDeploymentPostprocessing = 0;
		};
/* End PBXResourcesBuildPhase section */

/* Begin PBXShellScriptBuildPhase section */
		498AF58114763D762C5093B5 /* [CP] Check Pods Manifest.lock */ = {
			isa = PBXShellScriptBuildPhase;
			buildActionMask = 2147483647;
			files = (
			);
			inputFileListPaths = (
			);
			inputPaths = (
				"${PODS_PODFILE_DIR_PATH}/Podfile.lock",
				"${PODS_ROOT}/Manifest.lock",
			);
			name = "[CP] Check Pods Manifest.lock";
			outputFileListPaths = (
			);
			outputPaths = (
				"$(DERIVED_FILE_DIR)/Pods-WeatherApp-checkManifestLockResult.txt",
			);
			runOnlyForDeploymentPostprocessing = 0;
			shellPath = /bin/sh;
			shellScript = "diff \"${PODS_PODFILE_DIR_PATH}/Podfile.lock\" \"${PODS_ROOT}/Manifest.lock\" > /dev/null\nif [ $? != 0 ] ; then\n    # print error to STDERR\n    echo \"error: The sandbox is not in sync with the Podfile.lock. Run 'pod install' or update your CocoaPods installation.\" >&2\n    exit 1\nfi\n# This output is used by Xcode 'outputs' to avoid re-running this script phase.\necho \"SUCCESS\" > \"${SCRIPT_OUTPUT_FILE_0}\"\n";
			showEnvVarsInLog = 0;
		};
		DEE4AA0FE548BC4F845732EE /* [CP] Embed Pods Frameworks */ = {
			isa = PBXShellScriptBuildPhase;
			buildActionMask = 2147483647;
			files = (
			);
			inputFileListPaths = (
				"${PODS_ROOT}/Target Support Files/Pods-WeatherApp/Pods-WeatherApp-frameworks-${CONFIGURATION}-input-files.xcfilelist",
			);
			name = "[CP] Embed Pods Frameworks";
			outputFileListPaths = (
				"${PODS_ROOT}/Target Support Files/Pods-WeatherApp/Pods-WeatherApp-frameworks-${CONFIGURATION}-output-files.xcfilelist",
			);
			runOnlyForDeploymentPostprocessing = 0;
			shellPath = /bin/sh;
			shellScript = "\"${PODS_ROOT}/Target Support Files/Pods-WeatherApp/Pods-WeatherApp-frameworks.sh\"\n";
			showEnvVarsInLog = 0;
		};
/* End PBXShellScriptBuildPhase section */

/* Begin PBXSourcesBuildPhase section */
		183CF33026090297003892A4 /* Sources */ = {
			isa = PBXSourcesBuildPhase;
			buildActionMask = 2147483647;
			files = (
				C8F96E20261C4F2A00828DE2 /* CityViewModel.swift in Sources */,
				C8F96D87261B84A600828DE2 /* CitiesModuleContainer.swift in Sources */,
				183CF33C26090297003892A4 /* CitiesViewController.swift in Sources */,
				C8F96D83261B806500828DE2 /* CitiesInteractor.swift in Sources */,
				183CF33826090297003892A4 /* AppDelegate.swift in Sources */,
				C8F96D72261B6D4C00828DE2 /* CitiesModelHelper.swift in Sources */,
				C8F96D7E261B7F8300828DE2 /* CitiesProtocols.swift in Sources */,
				C8F96D8C261B88FA00828DE2 /* CitiesRouter.swift in Sources */,
				C8F96D75261B6FBC00828DE2 /* CityServiceModel.swift in Sources */,
				183CF35126090490003892A4 /* CityTableViewCell.swift in Sources */,
				18DD550F2624AA4E00813B2B /* CitiesManager.swift in Sources */,
				C8F96D7B261B7F0F00828DE2 /* CitiesPresenter.swift in Sources */,
			);
			runOnlyForDeploymentPostprocessing = 0;
		};
/* End PBXSourcesBuildPhase section */

/* Begin PBXVariantGroup section */
		183CF34226090299003892A4 /* LaunchScreen.storyboard */ = {
			isa = PBXVariantGroup;
			children = (
				183CF34326090299003892A4 /* Base */,
			);
			name = LaunchScreen.storyboard;
			sourceTree = "<group>";
		};
/* End PBXVariantGroup section */

/* Begin XCBuildConfiguration section */
		183CF34626090299003892A4 /* Debug */ = {
			isa = XCBuildConfiguration;
			buildSettings = {
				ALWAYS_SEARCH_USER_PATHS = NO;
				CLANG_ANALYZER_NONNULL = YES;
				CLANG_ANALYZER_NUMBER_OBJECT_CONVERSION = YES_AGGRESSIVE;
				CLANG_CXX_LANGUAGE_STANDARD = "gnu++14";
				CLANG_CXX_LIBRARY = "libc++";
				CLANG_ENABLE_MODULES = YES;
				CLANG_ENABLE_OBJC_ARC = YES;
				CLANG_ENABLE_OBJC_WEAK = YES;
				CLANG_WARN_BLOCK_CAPTURE_AUTORELEASING = YES;
				CLANG_WARN_BOOL_CONVERSION = YES;
				CLANG_WARN_COMMA = YES;
				CLANG_WARN_CONSTANT_CONVERSION = YES;
				CLANG_WARN_DEPRECATED_OBJC_IMPLEMENTATIONS = YES;
				CLANG_WARN_DIRECT_OBJC_ISA_USAGE = YES_ERROR;
				CLANG_WARN_DOCUMENTATION_COMMENTS = YES;
				CLANG_WARN_EMPTY_BODY = YES;
				CLANG_WARN_ENUM_CONVERSION = YES;
				CLANG_WARN_INFINITE_RECURSION = YES;
				CLANG_WARN_INT_CONVERSION = YES;
				CLANG_WARN_NON_LITERAL_NULL_CONVERSION = YES;
				CLANG_WARN_OBJC_IMPLICIT_RETAIN_SELF = YES;
				CLANG_WARN_OBJC_LITERAL_CONVERSION = YES;
				CLANG_WARN_OBJC_ROOT_CLASS = YES_ERROR;
				CLANG_WARN_QUOTED_INCLUDE_IN_FRAMEWORK_HEADER = YES;
				CLANG_WARN_RANGE_LOOP_ANALYSIS = YES;
				CLANG_WARN_STRICT_PROTOTYPES = YES;
				CLANG_WARN_SUSPICIOUS_MOVE = YES;
				CLANG_WARN_UNGUARDED_AVAILABILITY = YES_AGGRESSIVE;
				CLANG_WARN_UNREACHABLE_CODE = YES;
				CLANG_WARN__DUPLICATE_METHOD_MATCH = YES;
				COPY_PHASE_STRIP = NO;
				DEBUG_INFORMATION_FORMAT = dwarf;
				ENABLE_STRICT_OBJC_MSGSEND = YES;
				ENABLE_TESTABILITY = YES;
				GCC_C_LANGUAGE_STANDARD = gnu11;
				GCC_DYNAMIC_NO_PIC = NO;
				GCC_NO_COMMON_BLOCKS = YES;
				GCC_OPTIMIZATION_LEVEL = 0;
				GCC_PREPROCESSOR_DEFINITIONS = (
					"DEBUG=1",
					"$(inherited)",
				);
				GCC_WARN_64_TO_32_BIT_CONVERSION = YES;
				GCC_WARN_ABOUT_RETURN_TYPE = YES_ERROR;
				GCC_WARN_UNDECLARED_SELECTOR = YES;
				GCC_WARN_UNINITIALIZED_AUTOS = YES_AGGRESSIVE;
				GCC_WARN_UNUSED_FUNCTION = YES;
				GCC_WARN_UNUSED_VARIABLE = YES;
				IPHONEOS_DEPLOYMENT_TARGET = 14.4;
				MTL_ENABLE_DEBUG_INFO = INCLUDE_SOURCE;
				MTL_FAST_MATH = YES;
				ONLY_ACTIVE_ARCH = YES;
				SDKROOT = iphoneos;
				SWIFT_ACTIVE_COMPILATION_CONDITIONS = DEBUG;
				SWIFT_OPTIMIZATION_LEVEL = "-Onone";
			};
			name = Debug;
		};
		183CF34726090299003892A4 /* Release */ = {
			isa = XCBuildConfiguration;
			buildSettings = {
				ALWAYS_SEARCH_USER_PATHS = NO;
				CLANG_ANALYZER_NONNULL = YES;
				CLANG_ANALYZER_NUMBER_OBJECT_CONVERSION = YES_AGGRESSIVE;
				CLANG_CXX_LANGUAGE_STANDARD = "gnu++14";
				CLANG_CXX_LIBRARY = "libc++";
				CLANG_ENABLE_MODULES = YES;
				CLANG_ENABLE_OBJC_ARC = YES;
				CLANG_ENABLE_OBJC_WEAK = YES;
				CLANG_WARN_BLOCK_CAPTURE_AUTORELEASING = YES;
				CLANG_WARN_BOOL_CONVERSION = YES;
				CLANG_WARN_COMMA = YES;
				CLANG_WARN_CONSTANT_CONVERSION = YES;
				CLANG_WARN_DEPRECATED_OBJC_IMPLEMENTATIONS = YES;
				CLANG_WARN_DIRECT_OBJC_ISA_USAGE = YES_ERROR;
				CLANG_WARN_DOCUMENTATION_COMMENTS = YES;
				CLANG_WARN_EMPTY_BODY = YES;
				CLANG_WARN_ENUM_CONVERSION = YES;
				CLANG_WARN_INFINITE_RECURSION = YES;
				CLANG_WARN_INT_CONVERSION = YES;
				CLANG_WARN_NON_LITERAL_NULL_CONVERSION = YES;
				CLANG_WARN_OBJC_IMPLICIT_RETAIN_SELF = YES;
				CLANG_WARN_OBJC_LITERAL_CONVERSION = YES;
				CLANG_WARN_OBJC_ROOT_CLASS = YES_ERROR;
				CLANG_WARN_QUOTED_INCLUDE_IN_FRAMEWORK_HEADER = YES;
				CLANG_WARN_RANGE_LOOP_ANALYSIS = YES;
				CLANG_WARN_STRICT_PROTOTYPES = YES;
				CLANG_WARN_SUSPICIOUS_MOVE = YES;
				CLANG_WARN_UNGUARDED_AVAILABILITY = YES_AGGRESSIVE;
				CLANG_WARN_UNREACHABLE_CODE = YES;
				CLANG_WARN__DUPLICATE_METHOD_MATCH = YES;
				COPY_PHASE_STRIP = NO;
				DEBUG_INFORMATION_FORMAT = "dwarf-with-dsym";
				ENABLE_NS_ASSERTIONS = NO;
				ENABLE_STRICT_OBJC_MSGSEND = YES;
				GCC_C_LANGUAGE_STANDARD = gnu11;
				GCC_NO_COMMON_BLOCKS = YES;
				GCC_WARN_64_TO_32_BIT_CONVERSION = YES;
				GCC_WARN_ABOUT_RETURN_TYPE = YES_ERROR;
				GCC_WARN_UNDECLARED_SELECTOR = YES;
				GCC_WARN_UNINITIALIZED_AUTOS = YES_AGGRESSIVE;
				GCC_WARN_UNUSED_FUNCTION = YES;
				GCC_WARN_UNUSED_VARIABLE = YES;
				IPHONEOS_DEPLOYMENT_TARGET = 14.4;
				MTL_ENABLE_DEBUG_INFO = NO;
				MTL_FAST_MATH = YES;
				SDKROOT = iphoneos;
				SWIFT_COMPILATION_MODE = wholemodule;
				SWIFT_OPTIMIZATION_LEVEL = "-O";
				VALIDATE_PRODUCT = YES;
			};
			name = Release;
		};
		183CF34926090299003892A4 /* Debug */ = {
			isa = XCBuildConfiguration;
			baseConfigurationReference = FAC87C84443092BD5A50FE8F /* Pods-WeatherApp.debug.xcconfig */;
			buildSettings = {
				ASSETCATALOG_COMPILER_APPICON_NAME = AppIcon;
				ASSETCATALOG_COMPILER_GLOBAL_ACCENT_COLOR_NAME = AccentColor;
				CODE_SIGN_STYLE = Automatic;
				DEVELOPMENT_TEAM = G3W5J6328W;
				INFOPLIST_FILE = WeatherApp/Info.plist;
				LD_RUNPATH_SEARCH_PATHS = (
					"$(inherited)",
					"@executable_path/Frameworks",
				);
				PRODUCT_BUNDLE_IDENTIFIER = com.sardart.WeatherApp;
				PRODUCT_NAME = "$(TARGET_NAME)";
				SWIFT_VERSION = 5.0;
				TARGETED_DEVICE_FAMILY = "1,2";
			};
			name = Debug;
		};
		183CF34A26090299003892A4 /* Release */ = {
			isa = XCBuildConfiguration;
			baseConfigurationReference = 6B22EF4183E9295526BE21F4 /* Pods-WeatherApp.release.xcconfig */;
			buildSettings = {
				ASSETCATALOG_COMPILER_APPICON_NAME = AppIcon;
				ASSETCATALOG_COMPILER_GLOBAL_ACCENT_COLOR_NAME = AccentColor;
				CODE_SIGN_STYLE = Automatic;
				DEVELOPMENT_TEAM = G3W5J6328W;
				INFOPLIST_FILE = WeatherApp/Info.plist;
				LD_RUNPATH_SEARCH_PATHS = (
					"$(inherited)",
					"@executable_path/Frameworks",
				);
				PRODUCT_BUNDLE_IDENTIFIER = com.sardart.WeatherApp;
				PRODUCT_NAME = "$(TARGET_NAME)";
				SWIFT_VERSION = 5.0;
				TARGETED_DEVICE_FAMILY = "1,2";
			};
			name = Release;
		};
/* End XCBuildConfiguration section */

/* Begin XCConfigurationList section */
		183CF32F26090297003892A4 /* Build configuration list for PBXProject "WeatherApp" */ = {
			isa = XCConfigurationList;
			buildConfigurations = (
				183CF34626090299003892A4 /* Debug */,
				183CF34726090299003892A4 /* Release */,
			);
			defaultConfigurationIsVisible = 0;
			defaultConfigurationName = Release;
		};
		183CF34826090299003892A4 /* Build configuration list for PBXNativeTarget "WeatherApp" */ = {
			isa = XCConfigurationList;
			buildConfigurations = (
				183CF34926090299003892A4 /* Debug */,
				183CF34A26090299003892A4 /* Release */,
			);
			defaultConfigurationIsVisible = 0;
			defaultConfigurationName = Release;
		};
/* End XCConfigurationList section */
	};
	rootObject = 183CF32C26090297003892A4 /* Project object */;
}
