{
  "object": {
    "pins": [
      {
        "package": "Kingfisher",
        "repositoryURL": "https://github.com/onevcat/Kingfisher",
        "state": {
          "branch": "master",
          "revision": "131c2c2737602dd8227fdf7ef68252662dc2752f",
          "version": null
        }
      },
      {
        "package": "PinLayout",
        "repositoryURL": "https://github.com/layoutBox/PinLayout",
        "state": {
          "branch": null,
          "revision": "93feb9f10c669033b52e6fd9589152036fcbd809",
          "version": "1.10.0"
        }
      }
    ]
  },
  "version": 1
}
