// !$*UTF8*$!
{
	archiveVersion = 1;
	classes = {
	};
	objectVersion = 50;
	objects = {

/* Begin PBXBuildFile section */
		A71248A6258ACDFE0047F9BC /* AppDelegate.swift in Sources */ = {isa = PBXBuildFile; fileRef = A71248A5258ACDFE0047F9BC /* AppDelegate.swift */; };
		A71248A8258ACDFE0047F9BC /* SceneDelegate.swift in Sources */ = {isa = PBXBuildFile; fileRef = A71248A7258ACDFE0047F9BC /* SceneDelegate.swift */; };
		A71248AA258ACDFE0047F9BC /* ViewController.swift in Sources */ = {isa = PBXBuildFile; fileRef = A71248A9258ACDFE0047F9BC /* ViewController.swift */; };
		A71248AD258ACDFE0047F9BC /* Main.storyboard in Resources */ = {isa = PBXBuildFile; fileRef = A71248AB258ACDFE0047F9BC /* Main.storyboard */; };
		A71248AF258ACE000047F9BC /* Assets.xcassets in Resources */ = {isa = PBXBuildFile; fileRef = A71248AE258ACE000047F9BC /* Assets.xcassets */; };
		A71248B2258ACE000047F9BC /* LaunchScreen.storyboard in Resources */ = {isa = PBXBuildFile; fileRef = A71248B0258ACE000047F9BC /* LaunchScreen.storyboard */; };
		A7B0374F258E821F00C01874 /* Resources.bundle in Resources */ = {isa = PBXBuildFile; fileRef = A7B0373F258E821F00C01874 /* Resources.bundle */; };
		A7B03756258E821F00C01874 /* libMyStaticLibrary.a in Frameworks */ = {isa = PBXBuildFile; fileRef = A7B03748258E821F00C01874 /* libMyStaticLibrary.a */; };
/* End PBXBuildFile section */

/* Begin PBXFileReference section */
		A71248A2258ACDFE0047F9BC /* TestMyStaticLibrary.app */ = {isa = PBXFileReference; explicitFileType = wrapper.application; includeInIndex = 0; path = TestMyStaticLibrary.app; sourceTree = BUILT_PRODUCTS_DIR; };
		A71248A5258ACDFE0047F9BC /* AppDelegate.swift */ = {isa = PBXFileReference; lastKnownFileType = sourcecode.swift; path = AppDelegate.swift; sourceTree = "<group>"; };
		A71248A7258ACDFE0047F9BC /* SceneDelegate.swift */ = {isa = PBXFileReference; lastKnownFileType = sourcecode.swift; path = SceneDelegate.swift; sourceTree = "<group>"; };
		A71248A9258ACDFE0047F9BC /* ViewController.swift */ = {isa = PBXFileReference; lastKnownFileType = sourcecode.swift; path = ViewController.swift; sourceTree = "<group>"; };
		A71248AC258ACDFE0047F9BC /* Base */ = {isa = PBXFileReference; lastKnownFileType = file.storyboard; name = Base; path = Base.lproj/Main.storyboard; sourceTree = "<group>"; };
		A71248AE258ACE000047F9BC /* Assets.xcassets */ = {isa = PBXFileReference; lastKnownFileType = folder.assetcatalog; path = Assets.xcassets; sourceTree = "<group>"; };
		A71248B1258ACE000047F9BC /* Base */ = {isa = PBXFileReference; lastKnownFileType = file.storyboard; name = Base; path = Base.lproj/LaunchScreen.storyboard; sourceTree = "<group>"; };
		A71248B3258ACE000047F9BC /* Info.plist */ = {isa = PBXFileReference; lastKnownFileType = text.plist.xml; path = Info.plist; sourceTree = "<group>"; };
		A71248D2258ACF350047F9BC /* TestMyStaticLibrary.entitlements */ = {isa = PBXFileReference; lastKnownFileType = text.plist.entitlements; path = TestMyStaticLibrary.entitlements; sourceTree = "<group>"; };
		A7B0373F258E821F00C01874 /* Resources.bundle */ = {isa = PBXFileReference; lastKnownFileType = "wrapper.plug-in"; path = Resources.bundle; sourceTree = "<group>"; };
		A7B03748258E821F00C01874 /* libMyStaticLibrary.a */ = {isa = PBXFileReference; lastKnownFileType = archive.ar; path = libMyStaticLibrary.a; sourceTree = "<group>"; };
/* End PBXFileReference section */

/* Begin PBXFrameworksBuildPhase section */
		A712489F258ACDFE0047F9BC /* Frameworks */ = {
			isa = PBXFrameworksBuildPhase;
			buildActionMask = 2147483647;
			files = (
				A7B03756258E821F00C01874 /* libMyStaticLibrary.a in Frameworks */,
			);
			runOnlyForDeploymentPostprocessing = 0;
		};
/* End PBXFrameworksBuildPhase section */

/* Begin PBXGroup section */
		A7124899258ACDFE0047F9BC = {
			isa = PBXGroup;
			children = (
				A71248A4258ACDFE0047F9BC /* TestMyStaticLibrary */,
				A71248A3258ACDFE0047F9BC /* Products */,
			);
			sourceTree = "<group>";
		};
		A71248A3258ACDFE0047F9BC /* Products */ = {
			isa = PBXGroup;
			children = (
				A71248A2258ACDFE0047F9BC /* TestMyStaticLibrary.app */,
			);
			name = Products;
			sourceTree = "<group>";
		};
		A71248A4258ACDFE0047F9BC /* TestMyStaticLibrary */ = {
			isa = PBXGroup;
			children = (
				A71248D2258ACF350047F9BC /* TestMyStaticLibrary.entitlements */,
				A71248BC258ACE7E0047F9BC /* MyStaticLib */,
				A71248A5258ACDFE0047F9BC /* AppDelegate.swift */,
				A71248A7258ACDFE0047F9BC /* SceneDelegate.swift */,
				A71248A9258ACDFE0047F9BC /* ViewController.swift */,
				A71248AB258ACDFE0047F9BC /* Main.storyboard */,
				A71248AE258ACE000047F9BC /* Assets.xcassets */,
				A71248B0258ACE000047F9BC /* LaunchScreen.storyboard */,
				A71248B3258ACE000047F9BC /* Info.plist */,
			);
			path = TestMyStaticLibrary;
			sourceTree = "<group>";
		};
		A71248BC258ACE7E0047F9BC /* MyStaticLib */ = {
			isa = PBXGroup;
			children = (
				A7B03748258E821F00C01874 /* libMyStaticLibrary.a */,
				A7B0373F258E821F00C01874 /* Resources.bundle */,
			);
			path = MyStaticLib;
			sourceTree = "<group>";
		};
/* End PBXGroup section */

/* Begin PBXNativeTarget section */
		A71248A1258ACDFE0047F9BC /* TestMyStaticLibrary */ = {
			isa = PBXNativeTarget;
			buildConfigurationList = A71248B6258ACE000047F9BC /* Build configuration list for PBXNativeTarget "TestMyStaticLibrary" */;
			buildPhases = (
				A712489E258ACDFE0047F9BC /* Sources */,
				A712489F258ACDFE0047F9BC /* Frameworks */,
				A71248A0258ACDFE0047F9BC /* Resources */,
			);
			buildRules = (
			);
			dependencies = (
			);
			name = TestMyStaticLibrary;
			productName = TestMyStaticLibrary;
			productReference = A71248A2258ACDFE0047F9BC /* TestMyStaticLibrary.app */;
			productType = "com.apple.product-type.application";
		};
/* End PBXNativeTarget section */

/* Begin PBXProject section */
		A712489A258ACDFE0047F9BC /* Project object */ = {
			isa = PBXProject;
			attributes = {
				LastSwiftUpdateCheck = 1220;
				LastUpgradeCheck = 1220;
				TargetAttributes = {
					A71248A1258ACDFE0047F9BC = {
						CreatedOnToolsVersion = 12.2;
					};
				};
			};
			buildConfigurationList = A712489D258ACDFE0047F9BC /* Build configuration list for PBXProject "TestMyStaticLibrary" */;
			compatibilityVersion = "Xcode 9.3";
			developmentRegion = en;
			hasScannedForEncodings = 0;
			knownRegions = (
				en,
				Base,
			);
			mainGroup = A7124899258ACDFE0047F9BC;
			productRefGroup = A71248A3258ACDFE0047F9BC /* Products */;
			projectDirPath = "";
			projectRoot = "";
			targets = (
				A71248A1258ACDFE0047F9BC /* TestMyStaticLibrary */,
			);
		};
/* End PBXProject section */

/* Begin PBXResourcesBuildPhase section */
		A71248A0258ACDFE0047F9BC /* Resources */ = {
			isa = PBXResourcesBuildPhase;
			buildActionMask = 2147483647;
			files = (
				A71248B2258ACE000047F9BC /* LaunchScreen.storyboard in Resources */,
				A71248AF258ACE000047F9BC /* Assets.xcassets in Resources */,
				A7B0374F258E821F00C01874 /* Resources.bundle in Resources */,
				A71248AD258ACDFE0047F9BC /* Main.storyboard in Resources */,
			);
			runOnlyForDeploymentPostprocessing = 0;
		};
/* End PBXResourcesBuildPhase section */

/* Begin PBXSourcesBuildPhase section */
		A712489E258ACDFE0047F9BC /* Sources */ = {
			isa = PBXSourcesBuildPhase;
			buildActionMask = 2147483647;
			files = (
				A71248AA258ACDFE0047F9BC /* ViewController.swift in Sources */,
				A71248A6258ACDFE0047F9BC /* AppDelegate.swift in Sources */,
				A71248A8258ACDFE0047F9BC /* SceneDelegate.swift in Sources */,
			);
			runOnlyForDeploymentPostprocessing = 0;
		};
/* End PBXSourcesBuildPhase section */

/* Begin PBXVariantGroup section */
		A71248AB258ACDFE0047F9BC /* Main.storyboard */ = {
			isa = PBXVariantGroup;
			children = (
				A71248AC258ACDFE0047F9BC /* Base */,
			);
			name = Main.storyboard;
			sourceTree = "<group>";
		};
		A71248B0258ACE000047F9BC /* LaunchScreen.storyboard */ = {
			isa = PBXVariantGroup;
			children = (
				A71248B1258ACE000047F9BC /* Base */,
			);
			name = LaunchScreen.storyboard;
			sourceTree = "<group>";
		};
/* End PBXVariantGroup section */

/* Begin XCBuildConfiguration section */
		A71248B4258ACE000047F9BC /* Debug */ = {
			isa = XCBuildConfiguration;
			buildSettings = {
				ALWAYS_SEARCH_USER_PATHS = NO;
				CLANG_ANALYZER_NONNULL = YES;
				CLANG_ANALYZER_NUMBER_OBJECT_CONVERSION = YES_AGGRESSIVE;
				CLANG_CXX_LANGUAGE_STANDARD = "gnu++14";
				CLANG_CXX_LIBRARY = "libc++";
				CLANG_ENABLE_MODULES = YES;
				CLANG_ENABLE_OBJC_ARC = YES;
				CLANG_ENABLE_OBJC_WEAK = YES;
				CLANG_WARN_BLOCK_CAPTURE_AUTORELEASING = YES;
				CLANG_WARN_BOOL_CONVERSION = YES;
				CLANG_WARN_COMMA = YES;
				CLANG_WARN_CONSTANT_CONVERSION = YES;
				CLANG_WARN_DEPRECATED_OBJC_IMPLEMENTATIONS = YES;
				CLANG_WARN_DIRECT_OBJC_ISA_USAGE = YES_ERROR;
				CLANG_WARN_DOCUMENTATION_COMMENTS = YES;
				CLANG_WARN_EMPTY_BODY = YES;
				CLANG_WARN_ENUM_CONVERSION = YES;
				CLANG_WARN_INFINITE_RECURSION = YES;
				CLANG_WARN_INT_CONVERSION = YES;
				CLANG_WARN_NON_LITERAL_NULL_CONVERSION = YES;
				CLANG_WARN_OBJC_IMPLICIT_RETAIN_SELF = YES;
				CLANG_WARN_OBJC_LITERAL_CONVERSION = YES;
				CLANG_WARN_OBJC_ROOT_CLASS = YES_ERROR;
				CLANG_WARN_QUOTED_INCLUDE_IN_FRAMEWORK_HEADER = YES;
				CLANG_WARN_RANGE_LOOP_ANALYSIS = YES;
				CLANG_WARN_STRICT_PROTOTYPES = YES;
				CLANG_WARN_SUSPICIOUS_MOVE = YES;
				CLANG_WARN_UNGUARDED_AVAILABILITY = YES_AGGRESSIVE;
				CLANG_WARN_UNREACHABLE_CODE = YES;
				CLANG_WARN__DUPLICATE_METHOD_MATCH = YES;
				COPY_PHASE_STRIP = NO;
				DEBUG_INFORMATION_FORMAT = dwarf;
				ENABLE_STRICT_OBJC_MSGSEND = YES;
				ENABLE_TESTABILITY = YES;
				GCC_C_LANGUAGE_STANDARD = gnu11;
				GCC_DYNAMIC_NO_PIC = NO;
				GCC_NO_COMMON_BLOCKS = YES;
				GCC_OPTIMIZATION_LEVEL = 0;
				GCC_PREPROCESSOR_DEFINITIONS = (
					"DEBUG=1",
					"$(inherited)",
				);
				GCC_WARN_64_TO_32_BIT_CONVERSION = YES;
				GCC_WARN_ABOUT_RETURN_TYPE = YES_ERROR;
				GCC_WARN_UNDECLARED_SELECTOR = YES;
				GCC_WARN_UNINITIALIZED_AUTOS = YES_AGGRESSIVE;
				GCC_WARN_UNUSED_FUNCTION = YES;
				GCC_WARN_UNUSED_VARIABLE = YES;
				IPHONEOS_DEPLOYMENT_TARGET = 13.0;
				MTL_ENABLE_DEBUG_INFO = INCLUDE_SOURCE;
				MTL_FAST_MATH = YES;
				ONLY_ACTIVE_ARCH = YES;
				SDKROOT = iphoneos;
				SWIFT_ACTIVE_COMPILATION_CONDITIONS = DEBUG;
				SWIFT_OPTIMIZATION_LEVEL = "-Onone";
			};
			name = Debug;
		};
		A71248B5258ACE000047F9BC /* Release */ = {
			isa = XCBuildConfiguration;
			buildSettings = {
				ALWAYS_SEARCH_USER_PATHS = NO;
				CLANG_ANALYZER_NONNULL = YES;
				CLANG_ANALYZER_NUMBER_OBJECT_CONVERSION = YES_AGGRESSIVE;
				CLANG_CXX_LANGUAGE_STANDARD = "gnu++14";
				CLANG_CXX_LIBRARY = "libc++";
				CLANG_ENABLE_MODULES = YES;
				CLANG_ENABLE_OBJC_ARC = YES;
				CLANG_ENABLE_OBJC_WEAK = YES;
				CLANG_WARN_BLOCK_CAPTURE_AUTORELEASING = YES;
				CLANG_WARN_BOOL_CONVERSION = YES;
				CLANG_WARN_COMMA = YES;
				CLANG_WARN_CONSTANT_CONVERSION = YES;
				CLANG_WARN_DEPRECATED_OBJC_IMPLEMENTATIONS = YES;
				CLANG_WARN_DIRECT_OBJC_ISA_USAGE = YES_ERROR;
				CLANG_WARN_DOCUMENTATION_COMMENTS = YES;
				CLANG_WARN_EMPTY_BODY = YES;
				CLANG_WARN_ENUM_CONVERSION = YES;
				CLANG_WARN_INFINITE_RECURSION = YES;
				CLANG_WARN_INT_CONVERSION = YES;
				CLANG_WARN_NON_LITERAL_NULL_CONVERSION = YES;
				CLANG_WARN_OBJC_IMPLICIT_RETAIN_SELF = YES;
				CLANG_WARN_OBJC_LITERAL_CONVERSION = YES;
				CLANG_WARN_OBJC_ROOT_CLASS = YES_ERROR;
				CLANG_WARN_QUOTED_INCLUDE_IN_FRAMEWORK_HEADER = YES;
				CLANG_WARN_RANGE_LOOP_ANALYSIS = YES;
				CLANG_WARN_STRICT_PROTOTYPES = YES;
				CLANG_WARN_SUSPICIOUS_MOVE = YES;
				CLANG_WARN_UNGUARDED_AVAILABILITY = YES_AGGRESSIVE;
				CLANG_WARN_UNREACHABLE_CODE = YES;
				CLANG_WARN__DUPLICATE_METHOD_MATCH = YES;
				COPY_PHASE_STRIP = NO;
				DEBUG_INFORMATION_FORMAT = "dwarf-with-dsym";
				ENABLE_NS_ASSERTIONS = NO;
				ENABLE_STRICT_OBJC_MSGSEND = YES;
				GCC_C_LANGUAGE_STANDARD = gnu11;
				GCC_NO_COMMON_BLOCKS = YES;
				GCC_WARN_64_TO_32_BIT_CONVERSION = YES;
				GCC_WARN_ABOUT_RETURN_TYPE = YES_ERROR;
				GCC_WARN_UNDECLARED_SELECTOR = YES;
				GCC_WARN_UNINITIALIZED_AUTOS = YES_AGGRESSIVE;
				GCC_WARN_UNUSED_FUNCTION = YES;
				GCC_WARN_UNUSED_VARIABLE = YES;
				IPHONEOS_DEPLOYMENT_TARGET = 13.0;
				MTL_ENABLE_DEBUG_INFO = NO;
				MTL_FAST_MATH = YES;
				SDKROOT = iphoneos;
				SWIFT_COMPILATION_MODE = wholemodule;
				SWIFT_OPTIMIZATION_LEVEL = "-O";
				VALIDATE_PRODUCT = YES;
			};
			name = Release;
		};
		A71248B7258ACE000047F9BC /* Debug */ = {
			isa = XCBuildConfiguration;
			buildSettings = {
				ASSETCATALOG_COMPILER_APPICON_NAME = AppIcon;
				ASSETCATALOG_COMPILER_GLOBAL_ACCENT_COLOR_NAME = AccentColor;
				CODE_SIGN_ENTITLEMENTS = TestMyStaticLibrary/TestMyStaticLibrary.entitlements;
				CODE_SIGN_STYLE = Automatic;
				INFOPLIST_FILE = TestMyStaticLibrary/Info.plist;
				IPHONEOS_DEPLOYMENT_TARGET = 13.0;
				LD_RUNPATH_SEARCH_PATHS = (
					"$(inherited)",
					"@executable_path/Frameworks",
				);
				LIBRARY_SEARCH_PATHS = (
					"$(inherited)",
					"$(PROJECT_DIR)/TestMyStaticLibrary/MyStaticLib",
				);
				PRODUCT_BUNDLE_IDENTIFIER = test.TestMyStaticLibrary;
				PRODUCT_NAME = "$(TARGET_NAME)";
				SUPPORTS_MACCATALYST = NO;
				SWIFT_INCLUDE_PATHS = "$(PROJECT_DIR)/TestMyStaticLibrary/MyStaticLib";
				SWIFT_VERSION = 5.0;
				TARGETED_DEVICE_FAMILY = "1,2";
			};
			name = Debug;
		};
		A71248B8258ACE000047F9BC /* Release */ = {
			isa = XCBuildConfiguration;
			buildSettings = {
				ASSETCATALOG_COMPILER_APPICON_NAME = AppIcon;
				ASSETCATALOG_COMPILER_GLOBAL_ACCENT_COLOR_NAME = AccentColor;
				CODE_SIGN_ENTITLEMENTS = TestMyStaticLibrary/TestMyStaticLibrary.entitlements;
				CODE_SIGN_STYLE = Automatic;
				INFOPLIST_FILE = TestMyStaticLibrary/Info.plist;
				IPHONEOS_DEPLOYMENT_TARGET = 13.0;
				LD_RUNPATH_SEARCH_PATHS = (
					"$(inherited)",
					"@executable_path/Frameworks",
				);
				LIBRARY_SEARCH_PATHS = (
					"$(inherited)",
					"$(PROJECT_DIR)/TestMyStaticLibrary/MyStaticLib",
				);
				PRODUCT_BUNDLE_IDENTIFIER = test.TestMyStaticLibrary;
				PRODUCT_NAME = "$(TARGET_NAME)";
				SUPPORTS_MACCATALYST = NO;
				SWIFT_INCLUDE_PATHS = "$(PROJECT_DIR)/TestMyStaticLibrary/MyStaticLib";
				SWIFT_VERSION = 5.0;
				TARGETED_DEVICE_FAMILY = "1,2";
			};
			name = Release;
		};
/* End XCBuildConfiguration section */

/* Begin XCConfigurationList section */
		A712489D258ACDFE0047F9BC /* Build configuration list for PBXProject "TestMyStaticLibrary" */ = {
			isa = XCConfigurationList;
			buildConfigurations = (
				A71248B4258ACE000047F9BC /* Debug */,
				A71248B5258ACE000047F9BC /* Release */,
			);
			defaultConfigurationIsVisible = 0;
			defaultConfigurationName = Release;
		};
		A71248B6258ACE000047F9BC /* Build configuration list for PBXNativeTarget "TestMyStaticLibrary" */ = {
			isa = XCConfigurationList;
			buildConfigurations = (
				A71248B7258ACE000047F9BC /* Debug */,
				A71248B8258ACE000047F9BC /* Release */,
			);
			defaultConfigurationIsVisible = 0;
			defaultConfigurationName = Release;
		};
/* End XCConfigurationList section */
	};
	rootObject = A712489A258ACDFE0047F9BC /* Project object */;
}
