// !$*UTF8*$!
{
	archiveVersion = 1;
	classes = {
	};
	objectVersion = 50;
	objects = {

/* Begin PBXBuildFile section */
		1869458A2534C85A0003EA8A /* ProfileViewController.swift in Sources */ = {isa = PBXBuildFile; fileRef = 186945892534C85A0003EA8A /* ProfileViewController.swift */; };
		1869458D2534CB5C0003EA8A /* Test.storyboard in Resources */ = {isa = PBXBuildFile; fileRef = 1869458C2534CB5C0003EA8A /* Test.storyboard */; };
		186945902534D5FC0003EA8A /* TestViewController.swift in Sources */ = {isa = PBXBuildFile; fileRef = 1869458F2534D5FC0003EA8A /* TestViewController.swift */; };
		18B5D6AB2534BF5D0065BDEA /* AppDelegate.swift in Sources */ = {isa = PBXBuildFile; fileRef = 18B5D6AA2534BF5D0065BDEA /* AppDelegate.swift */; };
		18B5D6AD2534BF5D0065BDEA /* SceneDelegate.swift in Sources */ = {isa = PBXBuildFile; fileRef = 18B5D6AC2534BF5D0065BDEA /* SceneDelegate.swift */; };
		18B5D6AF2534BF5D0065BDEA /* ViewController.swift in Sources */ = {isa = PBXBuildFile; fileRef = 18B5D6AE2534BF5D0065BDEA /* ViewController.swift */; };
		18B5D6B22534BF5D0065BDEA /* Main.storyboard in Resources */ = {isa = PBXBuildFile; fileRef = 18B5D6B02534BF5D0065BDEA /* Main.storyboard */; };
		18B5D6B42534BF5F0065BDEA /* Assets.xcassets in Resources */ = {isa = PBXBuildFile; fileRef = 18B5D6B32534BF5F0065BDEA /* Assets.xcassets */; };
		18B5D6B72534BF5F0065BDEA /* LaunchScreen.storyboard in Resources */ = {isa = PBXBuildFile; fileRef = 18B5D6B52534BF5F0065BDEA /* LaunchScreen.storyboard */; };
/* End PBXBuildFile section */

/* Begin PBXFileReference section */
		186945892534C85A0003EA8A /* ProfileViewController.swift */ = {isa = PBXFileReference; lastKnownFileType = sourcecode.swift; path = ProfileViewController.swift; sourceTree = "<group>"; };
		1869458C2534CB5C0003EA8A /* Test.storyboard */ = {isa = PBXFileReference; lastKnownFileType = file.storyboard; path = Test.storyboard; sourceTree = "<group>"; };
		1869458F2534D5FC0003EA8A /* TestViewController.swift */ = {isa = PBXFileReference; lastKnownFileType = sourcecode.swift; path = TestViewController.swift; sourceTree = "<group>"; };
		18B5D6A72534BF5D0065BDEA /* TestApp3.app */ = {isa = PBXFileReference; explicitFileType = wrapper.application; includeInIndex = 0; path = TestApp3.app; sourceTree = BUILT_PRODUCTS_DIR; };
		18B5D6AA2534BF5D0065BDEA /* AppDelegate.swift */ = {isa = PBXFileReference; lastKnownFileType = sourcecode.swift; path = AppDelegate.swift; sourceTree = "<group>"; };
		18B5D6AC2534BF5D0065BDEA /* SceneDelegate.swift */ = {isa = PBXFileReference; lastKnownFileType = sourcecode.swift; path = SceneDelegate.swift; sourceTree = "<group>"; };
		18B5D6AE2534BF5D0065BDEA /* ViewController.swift */ = {isa = PBXFileReference; lastKnownFileType = sourcecode.swift; path = ViewController.swift; sourceTree = "<group>"; };
		18B5D6B12534BF5D0065BDEA /* Base */ = {isa = PBXFileReference; lastKnownFileType = file.storyboard; name = Base; path = Base.lproj/Main.storyboard; sourceTree = "<group>"; };
		18B5D6B32534BF5F0065BDEA /* Assets.xcassets */ = {isa = PBXFileReference; lastKnownFileType = folder.assetcatalog; path = Assets.xcassets; sourceTree = "<group>"; };
		18B5D6B62534BF5F0065BDEA /* Base */ = {isa = PBXFileReference; lastKnownFileType = file.storyboard; name = Base; path = Base.lproj/LaunchScreen.storyboard; sourceTree = "<group>"; };
		18B5D6B82534BF5F0065BDEA /* Info.plist */ = {isa = PBXFileReference; lastKnownFileType = text.plist.xml; path = Info.plist; sourceTree = "<group>"; };
/* End PBXFileReference section */

/* Begin PBXFrameworksBuildPhase section */
		18B5D6A42534BF5D0065BDEA /* Frameworks */ = {
			isa = PBXFrameworksBuildPhase;
			buildActionMask = 2147483647;
			files = (
			);
			runOnlyForDeploymentPostprocessing = 0;
		};
/* End PBXFrameworksBuildPhase section */

/* Begin PBXGroup section */
		18B5D69E2534BF5D0065BDEA = {
			isa = PBXGroup;
			children = (
				18B5D6A92534BF5D0065BDEA /* TestApp3 */,
				18B5D6A82534BF5D0065BDEA /* Products */,
			);
			sourceTree = "<group>";
		};
		18B5D6A82534BF5D0065BDEA /* Products */ = {
			isa = PBXGroup;
			children = (
				18B5D6A72534BF5D0065BDEA /* TestApp3.app */,
			);
			name = Products;
			sourceTree = "<group>";
		};
		18B5D6A92534BF5D0065BDEA /* TestApp3 */ = {
			isa = PBXGroup;
			children = (
				18B5D6AA2534BF5D0065BDEA /* AppDelegate.swift */,
				18B5D6AC2534BF5D0065BDEA /* SceneDelegate.swift */,
				18B5D6AE2534BF5D0065BDEA /* ViewController.swift */,
				18B5D6B02534BF5D0065BDEA /* Main.storyboard */,
				18B5D6B32534BF5F0065BDEA /* Assets.xcassets */,
				18B5D6B52534BF5F0065BDEA /* LaunchScreen.storyboard */,
				18B5D6B82534BF5F0065BDEA /* Info.plist */,
				186945892534C85A0003EA8A /* ProfileViewController.swift */,
				1869458C2534CB5C0003EA8A /* Test.storyboard */,
				1869458F2534D5FC0003EA8A /* TestViewController.swift */,
			);
			path = TestApp3;
			sourceTree = "<group>";
		};
/* End PBXGroup section */

/* Begin PBXNativeTarget section */
		18B5D6A62534BF5D0065BDEA /* TestApp3 */ = {
			isa = PBXNativeTarget;
			buildConfigurationList = 18B5D6BB2534BF5F0065BDEA /* Build configuration list for PBXNativeTarget "TestApp3" */;
			buildPhases = (
				18B5D6A32534BF5D0065BDEA /* Sources */,
				18B5D6A42534BF5D0065BDEA /* Frameworks */,
				18B5D6A52534BF5D0065BDEA /* Resources */,
			);
			buildRules = (
			);
			dependencies = (
			);
			name = TestApp3;
			productName = TestApp3;
			productReference = 18B5D6A72534BF5D0065BDEA /* TestApp3.app */;
			productType = "com.apple.product-type.application";
		};
/* End PBXNativeTarget section */

/* Begin PBXProject section */
		18B5D69F2534BF5D0065BDEA /* Project object */ = {
			isa = PBXProject;
			attributes = {
				LastSwiftUpdateCheck = 1200;
				LastUpgradeCheck = 1200;
				TargetAttributes = {
					18B5D6A62534BF5D0065BDEA = {
						CreatedOnToolsVersion = 12.0.1;
					};
				};
			};
			buildConfigurationList = 18B5D6A22534BF5D0065BDEA /* Build configuration list for PBXProject "TestApp3" */;
			compatibilityVersion = "Xcode 9.3";
			developmentRegion = en;
			hasScannedForEncodings = 0;
			knownRegions = (
				en,
				Base,
			);
			mainGroup = 18B5D69E2534BF5D0065BDEA;
			productRefGroup = 18B5D6A82534BF5D0065BDEA /* Products */;
			projectDirPath = "";
			projectRoot = "";
			targets = (
				18B5D6A62534BF5D0065BDEA /* TestApp3 */,
			);
		};
/* End PBXProject section */

/* Begin PBXResourcesBuildPhase section */
		18B5D6A52534BF5D0065BDEA /* Resources */ = {
			isa = PBXResourcesBuildPhase;
			buildActionMask = 2147483647;
			files = (
				18B5D6B72534BF5F0065BDEA /* LaunchScreen.storyboard in Resources */,
				18B5D6B42534BF5F0065BDEA /* Assets.xcassets in Resources */,
				1869458D2534CB5C0003EA8A /* Test.storyboard in Resources */,
				18B5D6B22534BF5D0065BDEA /* Main.storyboard in Resources */,
			);
			runOnlyForDeploymentPostprocessing = 0;
		};
/* End PBXResourcesBuildPhase section */

/* Begin PBXSourcesBuildPhase section */
		18B5D6A32534BF5D0065BDEA /* Sources */ = {
			isa = PBXSourcesBuildPhase;
			buildActionMask = 2147483647;
			files = (
				186945902534D5FC0003EA8A /* TestViewController.swift in Sources */,
				18B5D6AF2534BF5D0065BDEA /* ViewController.swift in Sources */,
				18B5D6AB2534BF5D0065BDEA /* AppDelegate.swift in Sources */,
				1869458A2534C85A0003EA8A /* ProfileViewController.swift in Sources */,
				18B5D6AD2534BF5D0065BDEA /* SceneDelegate.swift in Sources */,
			);
			runOnlyForDeploymentPostprocessing = 0;
		};
/* End PBXSourcesBuildPhase section */

/* Begin PBXVariantGroup section */
		18B5D6B02534BF5D0065BDEA /* Main.storyboard */ = {
			isa = PBXVariantGroup;
			children = (
				18B5D6B12534BF5D0065BDEA /* Base */,
			);
			name = Main.storyboard;
			sourceTree = "<group>";
		};
		18B5D6B52534BF5F0065BDEA /* LaunchScreen.storyboard */ = {
			isa = PBXVariantGroup;
			children = (
				18B5D6B62534BF5F0065BDEA /* Base */,
			);
			name = LaunchScreen.storyboard;
			sourceTree = "<group>";
		};
/* End PBXVariantGroup section */

/* Begin XCBuildConfiguration section */
		18B5D6B92534BF5F0065BDEA /* Debug */ = {
			isa = XCBuildConfiguration;
			buildSettings = {
				ALWAYS_SEARCH_USER_PATHS = NO;
				CLANG_ANALYZER_NONNULL = YES;
				CLANG_ANALYZER_NUMBER_OBJECT_CONVERSION = YES_AGGRESSIVE;
				CLANG_CXX_LANGUAGE_STANDARD = "gnu++14";
				CLANG_CXX_LIBRARY = "libc++";
				CLANG_ENABLE_MODULES = YES;
				CLANG_ENABLE_OBJC_ARC = YES;
				CLANG_ENABLE_OBJC_WEAK = YES;
				CLANG_WARN_BLOCK_CAPTURE_AUTORELEASING = YES;
				CLANG_WARN_BOOL_CONVERSION = YES;
				CLANG_WARN_COMMA = YES;
				CLANG_WARN_CONSTANT_CONVERSION = YES;
				CLANG_WARN_DEPRECATED_OBJC_IMPLEMENTATIONS = YES;
				CLANG_WARN_DIRECT_OBJC_ISA_USAGE = YES_ERROR;
				CLANG_WARN_DOCUMENTATION_COMMENTS = YES;
				CLANG_WARN_EMPTY_BODY = YES;
				CLANG_WARN_ENUM_CONVERSION = YES;
				CLANG_WARN_INFINITE_RECURSION = YES;
				CLANG_WARN_INT_CONVERSION = YES;
				CLANG_WARN_NON_LITERAL_NULL_CONVERSION = YES;
				CLANG_WARN_OBJC_IMPLICIT_RETAIN_SELF = YES;
				CLANG_WARN_OBJC_LITERAL_CONVERSION = YES;
				CLANG_WARN_OBJC_ROOT_CLASS = YES_ERROR;
				CLANG_WARN_QUOTED_INCLUDE_IN_FRAMEWORK_HEADER = YES;
				CLANG_WARN_RANGE_LOOP_ANALYSIS = YES;
				CLANG_WARN_STRICT_PROTOTYPES = YES;
				CLANG_WARN_SUSPICIOUS_MOVE = YES;
				CLANG_WARN_UNGUARDED_AVAILABILITY = YES_AGGRESSIVE;
				CLANG_WARN_UNREACHABLE_CODE = YES;
				CLANG_WARN__DUPLICATE_METHOD_MATCH = YES;
				COPY_PHASE_STRIP = NO;
				DEBUG_INFORMATION_FORMAT = dwarf;
				ENABLE_STRICT_OBJC_MSGSEND = YES;
				ENABLE_TESTABILITY = YES;
				GCC_C_LANGUAGE_STANDARD = gnu11;
				GCC_DYNAMIC_NO_PIC = NO;
				GCC_NO_COMMON_BLOCKS = YES;
				GCC_OPTIMIZATION_LEVEL = 0;
				GCC_PREPROCESSOR_DEFINITIONS = (
					"DEBUG=1",
					"$(inherited)",
				);
				GCC_WARN_64_TO_32_BIT_CONVERSION = YES;
				GCC_WARN_ABOUT_RETURN_TYPE = YES_ERROR;
				GCC_WARN_UNDECLARED_SELECTOR = YES;
				GCC_WARN_UNINITIALIZED_AUTOS = YES_AGGRESSIVE;
				GCC_WARN_UNUSED_FUNCTION = YES;
				GCC_WARN_UNUSED_VARIABLE = YES;
				IPHONEOS_DEPLOYMENT_TARGET = 14.0;
				MTL_ENABLE_DEBUG_INFO = INCLUDE_SOURCE;
				MTL_FAST_MATH = YES;
				ONLY_ACTIVE_ARCH = YES;
				SDKROOT = iphoneos;
				SWIFT_ACTIVE_COMPILATION_CONDITIONS = DEBUG;
				SWIFT_OPTIMIZATION_LEVEL = "-Onone";
			};
			name = Debug;
		};
		18B5D6BA2534BF5F0065BDEA /* Release */ = {
			isa = XCBuildConfiguration;
			buildSettings = {
				ALWAYS_SEARCH_USER_PATHS = NO;
				CLANG_ANALYZER_NONNULL = YES;
				CLANG_ANALYZER_NUMBER_OBJECT_CONVERSION = YES_AGGRESSIVE;
				CLANG_CXX_LANGUAGE_STANDARD = "gnu++14";
				CLANG_CXX_LIBRARY = "libc++";
				CLANG_ENABLE_MODULES = YES;
				CLANG_ENABLE_OBJC_ARC = YES;
				CLANG_ENABLE_OBJC_WEAK = YES;
				CLANG_WARN_BLOCK_CAPTURE_AUTORELEASING = YES;
				CLANG_WARN_BOOL_CONVERSION = YES;
				CLANG_WARN_COMMA = YES;
				CLANG_WARN_CONSTANT_CONVERSION = YES;
				CLANG_WARN_DEPRECATED_OBJC_IMPLEMENTATIONS = YES;
				CLANG_WARN_DIRECT_OBJC_ISA_USAGE = YES_ERROR;
				CLANG_WARN_DOCUMENTATION_COMMENTS = YES;
				CLANG_WARN_EMPTY_BODY = YES;
				CLANG_WARN_ENUM_CONVERSION = YES;
				CLANG_WARN_INFINITE_RECURSION = YES;
				CLANG_WARN_INT_CONVERSION = YES;
				CLANG_WARN_NON_LITERAL_NULL_CONVERSION = YES;
				CLANG_WARN_OBJC_IMPLICIT_RETAIN_SELF = YES;
				CLANG_WARN_OBJC_LITERAL_CONVERSION = YES;
				CLANG_WARN_OBJC_ROOT_CLASS = YES_ERROR;
				CLANG_WARN_QUOTED_INCLUDE_IN_FRAMEWORK_HEADER = YES;
				CLANG_WARN_RANGE_LOOP_ANALYSIS = YES;
				CLANG_WARN_STRICT_PROTOTYPES = YES;
				CLANG_WARN_SUSPICIOUS_MOVE = YES;
				CLANG_WARN_UNGUARDED_AVAILABILITY = YES_AGGRESSIVE;
				CLANG_WARN_UNREACHABLE_CODE = YES;
				CLANG_WARN__DUPLICATE_METHOD_MATCH = YES;
				COPY_PHASE_STRIP = NO;
				DEBUG_INFORMATION_FORMAT = "dwarf-with-dsym";
				ENABLE_NS_ASSERTIONS = NO;
				ENABLE_STRICT_OBJC_MSGSEND = YES;
				GCC_C_LANGUAGE_STANDARD = gnu11;
				GCC_NO_COMMON_BLOCKS = YES;
				GCC_WARN_64_TO_32_BIT_CONVERSION = YES;
				GCC_WARN_ABOUT_RETURN_TYPE = YES_ERROR;
				GCC_WARN_UNDECLARED_SELECTOR = YES;
				GCC_WARN_UNINITIALIZED_AUTOS = YES_AGGRESSIVE;
				GCC_WARN_UNUSED_FUNCTION = YES;
				GCC_WARN_UNUSED_VARIABLE = YES;
				IPHONEOS_DEPLOYMENT_TARGET = 14.0;
				MTL_ENABLE_DEBUG_INFO = NO;
				MTL_FAST_MATH = YES;
				SDKROOT = iphoneos;
				SWIFT_COMPILATION_MODE = wholemodule;
				SWIFT_OPTIMIZATION_LEVEL = "-O";
				VALIDATE_PRODUCT = YES;
			};
			name = Release;
		};
		18B5D6BC2534BF5F0065BDEA /* Debug */ = {
			isa = XCBuildConfiguration;
			buildSettings = {
				ASSETCATALOG_COMPILER_APPICON_NAME = AppIcon;
				ASSETCATALOG_COMPILER_GLOBAL_ACCENT_COLOR_NAME = AccentColor;
				CODE_SIGN_STYLE = Automatic;
				DEVELOPMENT_TEAM = G3W5J6328W;
				INFOPLIST_FILE = TestApp3/Info.plist;
				LD_RUNPATH_SEARCH_PATHS = (
					"$(inherited)",
					"@executable_path/Frameworks",
				);
				PRODUCT_BUNDLE_IDENTIFIER = com.sardart.TestApp3;
				PRODUCT_NAME = "$(TARGET_NAME)";
				SWIFT_VERSION = 5.0;
				TARGETED_DEVICE_FAMILY = "1,2";
			};
			name = Debug;
		};
		18B5D6BD2534BF5F0065BDEA /* Release */ = {
			isa = XCBuildConfiguration;
			buildSettings = {
				ASSETCATALOG_COMPILER_APPICON_NAME = AppIcon;
				ASSETCATALOG_COMPILER_GLOBAL_ACCENT_COLOR_NAME = AccentColor;
				CODE_SIGN_STYLE = Automatic;
				DEVELOPMENT_TEAM = G3W5J6328W;
				INFOPLIST_FILE = TestApp3/Info.plist;
				LD_RUNPATH_SEARCH_PATHS = (
					"$(inherited)",
					"@executable_path/Frameworks",
				);
				PRODUCT_BUNDLE_IDENTIFIER = com.sardart.TestApp3;
				PRODUCT_NAME = "$(TARGET_NAME)";
				SWIFT_VERSION = 5.0;
				TARGETED_DEVICE_FAMILY = "1,2";
			};
			name = Release;
		};
/* End XCBuildConfiguration section */

/* Begin XCConfigurationList section */
		18B5D6A22534BF5D0065BDEA /* Build configuration list for PBXProject "TestApp3" */ = {
			isa = XCConfigurationList;
			buildConfigurations = (
				18B5D6B92534BF5F0065BDEA /* Debug */,
				18B5D6BA2534BF5F0065BDEA /* Release */,
			);
			defaultConfigurationIsVisible = 0;
			defaultConfigurationName = Release;
		};
		18B5D6BB2534BF5F0065BDEA /* Build configuration list for PBXNativeTarget "TestApp3" */ = {
			isa = XCConfigurationList;
			buildConfigurations = (
				18B5D6BC2534BF5F0065BDEA /* Debug */,
				18B5D6BD2534BF5F0065BDEA /* Release */,
			);
			defaultConfigurationIsVisible = 0;
			defaultConfigurationName = Release;
		};
/* End XCConfigurationList section */
	};
	rootObject = 18B5D69F2534BF5D0065BDEA /* Project object */;
}
