// !$*UTF8*$!
{
	archiveVersion = 1;
	classes = {
	};
	objectVersion = 50;
	objects = {

/* Begin PBXBuildFile section */
		18CBC26A2371E16C00779599 /* AppDelegate.swift in Sources */ = {isa = PBXBuildFile; fileRef = 18CBC2692371E16C00779599 /* AppDelegate.swift */; };
		18CBC26C2371E16C00779599 /* SceneDelegate.swift in Sources */ = {isa = PBXBuildFile; fileRef = 18CBC26B2371E16C00779599 /* SceneDelegate.swift */; };
		18CBC26E2371E16C00779599 /* ViewController.swift in Sources */ = {isa = PBXBuildFile; fileRef = 18CBC26D2371E16C00779599 /* ViewController.swift */; };
		18CBC2712371E16C00779599 /* Main.storyboard in Resources */ = {isa = PBXBuildFile; fileRef = 18CBC26F2371E16C00779599 /* Main.storyboard */; };
		18CBC2732371E16D00779599 /* Assets.xcassets in Resources */ = {isa = PBXBuildFile; fileRef = 18CBC2722371E16D00779599 /* Assets.xcassets */; };
		18CBC2762371E16D00779599 /* LaunchScreen.storyboard in Resources */ = {isa = PBXBuildFile; fileRef = 18CBC2742371E16D00779599 /* LaunchScreen.storyboard */; };
		575638C1790322ECBC80E3E3 /* Pods_PinLayoutExample.framework in Frameworks */ = {isa = PBXBuildFile; fileRef = 1BEDA908E6A37E117079CFA7 /* Pods_PinLayoutExample.framework */; };
/* End PBXBuildFile section */

/* Begin PBXFileReference section */
		18CBC2662371E16C00779599 /* PinLayoutExample.app */ = {isa = PBXFileReference; explicitFileType = wrapper.application; includeInIndex = 0; path = PinLayoutExample.app; sourceTree = BUILT_PRODUCTS_DIR; };
		18CBC2692371E16C00779599 /* AppDelegate.swift */ = {isa = PBXFileReference; lastKnownFileType = sourcecode.swift; path = AppDelegate.swift; sourceTree = "<group>"; };
		18CBC26B2371E16C00779599 /* SceneDelegate.swift */ = {isa = PBXFileReference; lastKnownFileType = sourcecode.swift; path = SceneDelegate.swift; sourceTree = "<group>"; };
		18CBC26D2371E16C00779599 /* ViewController.swift */ = {isa = PBXFileReference; lastKnownFileType = sourcecode.swift; path = ViewController.swift; sourceTree = "<group>"; };
		18CBC2702371E16C00779599 /* Base */ = {isa = PBXFileReference; lastKnownFileType = file.storyboard; name = Base; path = Base.lproj/Main.storyboard; sourceTree = "<group>"; };
		18CBC2722371E16D00779599 /* Assets.xcassets */ = {isa = PBXFileReference; lastKnownFileType = folder.assetcatalog; path = Assets.xcassets; sourceTree = "<group>"; };
		18CBC2752371E16D00779599 /* Base */ = {isa = PBXFileReference; lastKnownFileType = file.storyboard; name = Base; path = Base.lproj/LaunchScreen.storyboard; sourceTree = "<group>"; };
		18CBC2772371E16D00779599 /* Info.plist */ = {isa = PBXFileReference; lastKnownFileType = text.plist.xml; path = Info.plist; sourceTree = "<group>"; };
		1BEDA908E6A37E117079CFA7 /* Pods_PinLayoutExample.framework */ = {isa = PBXFileReference; explicitFileType = wrapper.framework; includeInIndex = 0; path = Pods_PinLayoutExample.framework; sourceTree = BUILT_PRODUCTS_DIR; };
		24DFFCC65F000DA74FCC2AB2 /* Pods-PinLayoutExample.release.xcconfig */ = {isa = PBXFileReference; includeInIndex = 1; lastKnownFileType = text.xcconfig; name = "Pods-PinLayoutExample.release.xcconfig"; path = "Target Support Files/Pods-PinLayoutExample/Pods-PinLayoutExample.release.xcconfig"; sourceTree = "<group>"; };
		CA09D1BC7D1AEEC977C25877 /* Pods-PinLayoutExample.debug.xcconfig */ = {isa = PBXFileReference; includeInIndex = 1; lastKnownFileType = text.xcconfig; name = "Pods-PinLayoutExample.debug.xcconfig"; path = "Target Support Files/Pods-PinLayoutExample/Pods-PinLayoutExample.debug.xcconfig"; sourceTree = "<group>"; };
/* End PBXFileReference section */

/* Begin PBXFrameworksBuildPhase section */
		18CBC2632371E16C00779599 /* Frameworks */ = {
			isa = PBXFrameworksBuildPhase;
			buildActionMask = 2147483647;
			files = (
				575638C1790322ECBC80E3E3 /* Pods_PinLayoutExample.framework in Frameworks */,
			);
			runOnlyForDeploymentPostprocessing = 0;
		};
/* End PBXFrameworksBuildPhase section */

/* Begin PBXGroup section */
		18CBC25D2371E16C00779599 = {
			isa = PBXGroup;
			children = (
				18CBC2682371E16C00779599 /* PinLayoutExample */,
				18CBC2672371E16C00779599 /* Products */,
				B8A02D763F915D5158F8AC3B /* Pods */,
				5E96B94780FFD364F4C92F29 /* Frameworks */,
			);
			sourceTree = "<group>";
		};
		18CBC2672371E16C00779599 /* Products */ = {
			isa = PBXGroup;
			children = (
				18CBC2662371E16C00779599 /* PinLayoutExample.app */,
			);
			name = Products;
			sourceTree = "<group>";
		};
		18CBC2682371E16C00779599 /* PinLayoutExample */ = {
			isa = PBXGroup;
			children = (
				18CBC2692371E16C00779599 /* AppDelegate.swift */,
				18CBC26B2371E16C00779599 /* SceneDelegate.swift */,
				18CBC26D2371E16C00779599 /* ViewController.swift */,
				18CBC26F2371E16C00779599 /* Main.storyboard */,
				18CBC2722371E16D00779599 /* Assets.xcassets */,
				18CBC2742371E16D00779599 /* LaunchScreen.storyboard */,
				18CBC2772371E16D00779599 /* Info.plist */,
			);
			path = PinLayoutExample;
			sourceTree = "<group>";
		};
		5E96B94780FFD364F4C92F29 /* Frameworks */ = {
			isa = PBXGroup;
			children = (
				1BEDA908E6A37E117079CFA7 /* Pods_PinLayoutExample.framework */,
			);
			name = Frameworks;
			sourceTree = "<group>";
		};
		B8A02D763F915D5158F8AC3B /* Pods */ = {
			isa = PBXGroup;
			children = (
				CA09D1BC7D1AEEC977C25877 /* Pods-PinLayoutExample.debug.xcconfig */,
				24DFFCC65F000DA74FCC2AB2 /* Pods-PinLayoutExample.release.xcconfig */,
			);
			name = Pods;
			path = Pods;
			sourceTree = "<group>";
		};
/* End PBXGroup section */

/* Begin PBXNativeTarget section */
		18CBC2652371E16C00779599 /* PinLayoutExample */ = {
			isa = PBXNativeTarget;
			buildConfigurationList = 18CBC27A2371E16D00779599 /* Build configuration list for PBXNativeTarget "PinLayoutExample" */;
			buildPhases = (
				075130131ECA36FEAB41C878 /* [CP] Check Pods Manifest.lock */,
				18CBC2622371E16C00779599 /* Sources */,
				18CBC2632371E16C00779599 /* Frameworks */,
				18CBC2642371E16C00779599 /* Resources */,
				FE2C7A07DBAAD1C4F2C49A16 /* [CP] Embed Pods Frameworks */,
			);
			buildRules = (
			);
			dependencies = (
			);
			name = PinLayoutExample;
			productName = PinLayoutExample;
			productReference = 18CBC2662371E16C00779599 /* PinLayoutExample.app */;
			productType = "com.apple.product-type.application";
		};
/* End PBXNativeTarget section */

/* Begin PBXProject section */
		18CBC25E2371E16C00779599 /* Project object */ = {
			isa = PBXProject;
			attributes = {
				LastSwiftUpdateCheck = 1100;
				LastUpgradeCheck = 1100;
				ORGANIZATIONNAME = "Artur Sardaryan";
				TargetAttributes = {
					18CBC2652371E16C00779599 = {
						CreatedOnToolsVersion = 11.0;
					};
				};
			};
			buildConfigurationList = 18CBC2612371E16C00779599 /* Build configuration list for PBXProject "PinLayoutExample" */;
			compatibilityVersion = "Xcode 9.3";
			developmentRegion = en;
			hasScannedForEncodings = 0;
			knownRegions = (
				en,
				Base,
			);
			mainGroup = 18CBC25D2371E16C00779599;
			productRefGroup = 18CBC2672371E16C00779599 /* Products */;
			projectDirPath = "";
			projectRoot = "";
			targets = (
				18CBC2652371E16C00779599 /* PinLayoutExample */,
			);
		};
/* End PBXProject section */

/* Begin PBXResourcesBuildPhase section */
		18CBC2642371E16C00779599 /* Resources */ = {
			isa = PBXResourcesBuildPhase;
			buildActionMask = 2147483647;
			files = (
				18CBC2762371E16D00779599 /* LaunchScreen.storyboard in Resources */,
				18CBC2732371E16D00779599 /* Assets.xcassets in Resources */,
				18CBC2712371E16C00779599 /* Main.storyboard in Resources */,
			);
			runOnlyForDeploymentPostprocessing = 0;
		};
/* End PBXResourcesBuildPhase section */

/* Begin PBXShellScriptBuildPhase section */
		075130131ECA36FEAB41C878 /* [CP] Check Pods Manifest.lock */ = {
			isa = PBXShellScriptBuildPhase;
			buildActionMask = 2147483647;
			files = (
			);
			inputFileListPaths = (
			);
			inputPaths = (
				"${PODS_PODFILE_DIR_PATH}/Podfile.lock",
				"${PODS_ROOT}/Manifest.lock",
			);
			name = "[CP] Check Pods Manifest.lock";
			outputFileListPaths = (
			);
			outputPaths = (
				"$(DERIVED_FILE_DIR)/Pods-PinLayoutExample-checkManifestLockResult.txt",
			);
			runOnlyForDeploymentPostprocessing = 0;
			shellPath = /bin/sh;
			shellScript = "diff \"${PODS_PODFILE_DIR_PATH}/Podfile.lock\" \"${PODS_ROOT}/Manifest.lock\" > /dev/null\nif [ $? != 0 ] ; then\n    # print error to STDERR\n    echo \"error: The sandbox is not in sync with the Podfile.lock. Run 'pod install' or update your CocoaPods installation.\" >&2\n    exit 1\nfi\n# This output is used by Xcode 'outputs' to avoid re-running this script phase.\necho \"SUCCESS\" > \"${SCRIPT_OUTPUT_FILE_0}\"\n";
			showEnvVarsInLog = 0;
		};
		FE2C7A07DBAAD1C4F2C49A16 /* [CP] Embed Pods Frameworks */ = {
			isa = PBXShellScriptBuildPhase;
			buildActionMask = 2147483647;
			files = (
			);
			inputFileListPaths = (
				"${PODS_ROOT}/Target Support Files/Pods-PinLayoutExample/Pods-PinLayoutExample-frameworks-${CONFIGURATION}-input-files.xcfilelist",
			);
			name = "[CP] Embed Pods Frameworks";
			outputFileListPaths = (
				"${PODS_ROOT}/Target Support Files/Pods-PinLayoutExample/Pods-PinLayoutExample-frameworks-${CONFIGURATION}-output-files.xcfilelist",
			);
			runOnlyForDeploymentPostprocessing = 0;
			shellPath = /bin/sh;
			shellScript = "\"${PODS_ROOT}/Target Support Files/Pods-PinLayoutExample/Pods-PinLayoutExample-frameworks.sh\"\n";
			showEnvVarsInLog = 0;
		};
/* End PBXShellScriptBuildPhase section */

/* Begin PBXSourcesBuildPhase section */
		18CBC2622371E16C00779599 /* Sources */ = {
			isa = PBXSourcesBuildPhase;
			buildActionMask = 2147483647;
			files = (
				18CBC26E2371E16C00779599 /* ViewController.swift in Sources */,
				18CBC26A2371E16C00779599 /* AppDelegate.swift in Sources */,
				18CBC26C2371E16C00779599 /* SceneDelegate.swift in Sources */,
			);
			runOnlyForDeploymentPostprocessing = 0;
		};
/* End PBXSourcesBuildPhase section */

/* Begin PBXVariantGroup section */
		18CBC26F2371E16C00779599 /* Main.storyboard */ = {
			isa = PBXVariantGroup;
			children = (
				18CBC2702371E16C00779599 /* Base */,
			);
			name = Main.storyboard;
			sourceTree = "<group>";
		};
		18CBC2742371E16D00779599 /* LaunchScreen.storyboard */ = {
			isa = PBXVariantGroup;
			children = (
				18CBC2752371E16D00779599 /* Base */,
			);
			name = LaunchScreen.storyboard;
			sourceTree = "<group>";
		};
/* End PBXVariantGroup section */

/* Begin XCBuildConfiguration section */
		18CBC2782371E16D00779599 /* Debug */ = {
			isa = XCBuildConfiguration;
			buildSettings = {
				ALWAYS_SEARCH_USER_PATHS = NO;
				CLANG_ANALYZER_NONNULL = YES;
				CLANG_ANALYZER_NUMBER_OBJECT_CONVERSION = YES_AGGRESSIVE;
				CLANG_CXX_LANGUAGE_STANDARD = "gnu++14";
				CLANG_CXX_LIBRARY = "libc++";
				CLANG_ENABLE_MODULES = YES;
				CLANG_ENABLE_OBJC_ARC = YES;
				CLANG_ENABLE_OBJC_WEAK = YES;
				CLANG_WARN_BLOCK_CAPTURE_AUTORELEASING = YES;
				CLANG_WARN_BOOL_CONVERSION = YES;
				CLANG_WARN_COMMA = YES;
				CLANG_WARN_CONSTANT_CONVERSION = YES;
				CLANG_WARN_DEPRECATED_OBJC_IMPLEMENTATIONS = YES;
				CLANG_WARN_DIRECT_OBJC_ISA_USAGE = YES_ERROR;
				CLANG_WARN_DOCUMENTATION_COMMENTS = YES;
				CLANG_WARN_EMPTY_BODY = YES;
				CLANG_WARN_ENUM_CONVERSION = YES;
				CLANG_WARN_INFINITE_RECURSION = YES;
				CLANG_WARN_INT_CONVERSION = YES;
				CLANG_WARN_NON_LITERAL_NULL_CONVERSION = YES;
				CLANG_WARN_OBJC_IMPLICIT_RETAIN_SELF = YES;
				CLANG_WARN_OBJC_LITERAL_CONVERSION = YES;
				CLANG_WARN_OBJC_ROOT_CLASS = YES_ERROR;
				CLANG_WARN_RANGE_LOOP_ANALYSIS = YES;
				CLANG_WARN_STRICT_PROTOTYPES = YES;
				CLANG_WARN_SUSPICIOUS_MOVE = YES;
				CLANG_WARN_UNGUARDED_AVAILABILITY = YES_AGGRESSIVE;
				CLANG_WARN_UNREACHABLE_CODE = YES;
				CLANG_WARN__DUPLICATE_METHOD_MATCH = YES;
				COPY_PHASE_STRIP = NO;
				DEBUG_INFORMATION_FORMAT = dwarf;
				ENABLE_STRICT_OBJC_MSGSEND = YES;
				ENABLE_TESTABILITY = YES;
				GCC_C_LANGUAGE_STANDARD = gnu11;
				GCC_DYNAMIC_NO_PIC = NO;
				GCC_NO_COMMON_BLOCKS = YES;
				GCC_OPTIMIZATION_LEVEL = 0;
				GCC_PREPROCESSOR_DEFINITIONS = (
					"DEBUG=1",
					"$(inherited)",
				);
				GCC_WARN_64_TO_32_BIT_CONVERSION = YES;
				GCC_WARN_ABOUT_RETURN_TYPE = YES_ERROR;
				GCC_WARN_UNDECLARED_SELECTOR = YES;
				GCC_WARN_UNINITIALIZED_AUTOS = YES_AGGRESSIVE;
				GCC_WARN_UNUSED_FUNCTION = YES;
				GCC_WARN_UNUSED_VARIABLE = YES;
				IPHONEOS_DEPLOYMENT_TARGET = 13.0;
				MTL_ENABLE_DEBUG_INFO = INCLUDE_SOURCE;
				MTL_FAST_MATH = YES;
				ONLY_ACTIVE_ARCH = YES;
				SDKROOT = iphoneos;
				SWIFT_ACTIVE_COMPILATION_CONDITIONS = DEBUG;
				SWIFT_OPTIMIZATION_LEVEL = "-Onone";
			};
			name = Debug;
		};
		18CBC2792371E16D00779599 /* Release */ = {
			isa = XCBuildConfiguration;
			buildSettings = {
				ALWAYS_SEARCH_USER_PATHS = NO;
				CLANG_ANALYZER_NONNULL = YES;
				CLANG_ANALYZER_NUMBER_OBJECT_CONVERSION = YES_AGGRESSIVE;
				CLANG_CXX_LANGUAGE_STANDARD = "gnu++14";
				CLANG_CXX_LIBRARY = "libc++";
				CLANG_ENABLE_MODULES = YES;
				CLANG_ENABLE_OBJC_ARC = YES;
				CLANG_ENABLE_OBJC_WEAK = YES;
				CLANG_WARN_BLOCK_CAPTURE_AUTORELEASING = YES;
				CLANG_WARN_BOOL_CONVERSION = YES;
				CLANG_WARN_COMMA = YES;
				CLANG_WARN_CONSTANT_CONVERSION = YES;
				CLANG_WARN_DEPRECATED_OBJC_IMPLEMENTATIONS = YES;
				CLANG_WARN_DIRECT_OBJC_ISA_USAGE = YES_ERROR;
				CLANG_WARN_DOCUMENTATION_COMMENTS = YES;
				CLANG_WARN_EMPTY_BODY = YES;
				CLANG_WARN_ENUM_CONVERSION = YES;
				CLANG_WARN_INFINITE_RECURSION = YES;
				CLANG_WARN_INT_CONVERSION = YES;
				CLANG_WARN_NON_LITERAL_NULL_CONVERSION = YES;
				CLANG_WARN_OBJC_IMPLICIT_RETAIN_SELF = YES;
				CLANG_WARN_OBJC_LITERAL_CONVERSION = YES;
				CLANG_WARN_OBJC_ROOT_CLASS = YES_ERROR;
				CLANG_WARN_RANGE_LOOP_ANALYSIS = YES;
				CLANG_WARN_STRICT_PROTOTYPES = YES;
				CLANG_WARN_SUSPICIOUS_MOVE = YES;
				CLANG_WARN_UNGUARDED_AVAILABILITY = YES_AGGRESSIVE;
				CLANG_WARN_UNREACHABLE_CODE = YES;
				CLANG_WARN__DUPLICATE_METHOD_MATCH = YES;
				COPY_PHASE_STRIP = NO;
				DEBUG_INFORMATION_FORMAT = "dwarf-with-dsym";
				ENABLE_NS_ASSERTIONS = NO;
				ENABLE_STRICT_OBJC_MSGSEND = YES;
				GCC_C_LANGUAGE_STANDARD = gnu11;
				GCC_NO_COMMON_BLOCKS = YES;
				GCC_WARN_64_TO_32_BIT_CONVERSION = YES;
				GCC_WARN_ABOUT_RETURN_TYPE = YES_ERROR;
				GCC_WARN_UNDECLARED_SELECTOR = YES;
				GCC_WARN_UNINITIALIZED_AUTOS = YES_AGGRESSIVE;
				GCC_WARN_UNUSED_FUNCTION = YES;
				GCC_WARN_UNUSED_VARIABLE = YES;
				IPHONEOS_DEPLOYMENT_TARGET = 13.0;
				MTL_ENABLE_DEBUG_INFO = NO;
				MTL_FAST_MATH = YES;
				SDKROOT = iphoneos;
				SWIFT_COMPILATION_MODE = wholemodule;
				SWIFT_OPTIMIZATION_LEVEL = "-O";
				VALIDATE_PRODUCT = YES;
			};
			name = Release;
		};
		18CBC27B2371E16D00779599 /* Debug */ = {
			isa = XCBuildConfiguration;
			baseConfigurationReference = CA09D1BC7D1AEEC977C25877 /* Pods-PinLayoutExample.debug.xcconfig */;
			buildSettings = {
				ASSETCATALOG_COMPILER_APPICON_NAME = AppIcon;
				CODE_SIGN_STYLE = Automatic;
				DEVELOPMENT_TEAM = G3W5J6328W;
				INFOPLIST_FILE = PinLayoutExample/Info.plist;
				LD_RUNPATH_SEARCH_PATHS = (
					"$(inherited)",
					"@executable_path/Frameworks",
				);
				PRODUCT_BUNDLE_IDENTIFIER = com.sardart.PinLayoutExample;
				PRODUCT_NAME = "$(TARGET_NAME)";
				SWIFT_VERSION = 5.0;
				TARGETED_DEVICE_FAMILY = "1,2";
			};
			name = Debug;
		};
		18CBC27C2371E16D00779599 /* Release */ = {
			isa = XCBuildConfiguration;
			baseConfigurationReference = 24DFFCC65F000DA74FCC2AB2 /* Pods-PinLayoutExample.release.xcconfig */;
			buildSettings = {
				ASSETCATALOG_COMPILER_APPICON_NAME = AppIcon;
				CODE_SIGN_STYLE = Automatic;
				DEVELOPMENT_TEAM = G3W5J6328W;
				INFOPLIST_FILE = PinLayoutExample/Info.plist;
				LD_RUNPATH_SEARCH_PATHS = (
					"$(inherited)",
					"@executable_path/Frameworks",
				);
				PRODUCT_BUNDLE_IDENTIFIER = com.sardart.PinLayoutExample;
				PRODUCT_NAME = "$(TARGET_NAME)";
				SWIFT_VERSION = 5.0;
				TARGETED_DEVICE_FAMILY = "1,2";
			};
			name = Release;
		};
/* End XCBuildConfiguration section */

/* Begin XCConfigurationList section */
		18CBC2612371E16C00779599 /* Build configuration list for PBXProject "PinLayoutExample" */ = {
			isa = XCConfigurationList;
			buildConfigurations = (
				18CBC2782371E16D00779599 /* Debug */,
				18CBC2792371E16D00779599 /* Release */,
			);
			defaultConfigurationIsVisible = 0;
			defaultConfigurationName = Release;
		};
		18CBC27A2371E16D00779599 /* Build configuration list for PBXNativeTarget "PinLayoutExample" */ = {
			isa = XCConfigurationList;
			buildConfigurations = (
				18CBC27B2371E16D00779599 /* Debug */,
				18CBC27C2371E16D00779599 /* Release */,
			);
			defaultConfigurationIsVisible = 0;
			defaultConfigurationName = Release;
		};
/* End XCConfigurationList section */
	};
	rootObject = 18CBC25E2371E16C00779599 /* Project object */;
}
